// !$*UTF8*$!
{
	archiveVersion = 1;
	classes = {
	};
	objectVersion = 48;
	objects = {

/* Begin PBXBuildFile section */
		1D6A2E42DFF43CFF3DF1FFA7 /* Pods_ProjectTests.framework in Frameworks */ = {isa = PBXBuildFile; fileRef = 05145997FC099B7379527D6B /* Pods_ProjectTests.framework */; };
		2A0FBA3E4E0D8E6E661824BC /* Pods_ProjectUITests.framework in Frameworks */ = {isa = PBXBuildFile; fileRef = 34B05E941848B4ACCBB23467 /* Pods_ProjectUITests.framework */; };
		6F20B436431C6E008BF70644 /* Pods_Project.framework in Frameworks */ = {isa = PBXBuildFile; fileRef = FD7C1B825FCBBDC718094C11 /* Pods_Project.framework */; };
		8204559B21249DAD002BA436 /* PostTableViewCell.swift in Sources */ = {isa = PBXBuildFile; fileRef = 8204559A21249DAD002BA436 /* PostTableViewCell.swift */; };
		8204559D21249EE5002BA436 /* Post.swift in Sources */ = {isa = PBXBuildFile; fileRef = 8204559C21249EE5002BA436 /* Post.swift */; };
		8204559F21249F5A002BA436 /* PostTableViewCell.xib in Resources */ = {isa = PBXBuildFile; fileRef = 8204559E21249F5A002BA436 /* PostTableViewCell.xib */; };
		8204C2A320E0AFF50036AF18 /* SearchScreenCell.swift in Sources */ = {isa = PBXBuildFile; fileRef = 8204C2A220E0AFF50036AF18 /* SearchScreenCell.swift */; };
		8204E26720AC45100086BA54 /* MenuPopularDetail.swift in Sources */ = {isa = PBXBuildFile; fileRef = 8204E26620AC45100086BA54 /* MenuPopularDetail.swift */; };
		8204E26B20AC47040086BA54 /* MenuFavouriteDetail.swift in Sources */ = {isa = PBXBuildFile; fileRef = 8204E26A20AC47040086BA54 /* MenuFavouriteDetail.swift */; };
		8204E26D20AC475F0086BA54 /* CalenderDetail.swift in Sources */ = {isa = PBXBuildFile; fileRef = 8204E26C20AC475F0086BA54 /* CalenderDetail.swift */; };
		8204E26F20AC48570086BA54 /* LogInScreen.swift in Sources */ = {isa = PBXBuildFile; fileRef = 8204E26E20AC48570086BA54 /* LogInScreen.swift */; };
		8204E27120AC48990086BA54 /* LogInGmail.swift in Sources */ = {isa = PBXBuildFile; fileRef = 8204E27020AC48990086BA54 /* LogInGmail.swift */; };
		8204E27320AC48AA0086BA54 /* LogInFacebook.swift in Sources */ = {isa = PBXBuildFile; fileRef = 8204E27220AC48AA0086BA54 /* LogInFacebook.swift */; };
		8204E27520AC49550086BA54 /* InsertMyMenu.swift in Sources */ = {isa = PBXBuildFile; fileRef = 8204E27420AC49550086BA54 /* InsertMyMenu.swift */; };
		8204E27720AC498E0086BA54 /* EditMyMenu.swift in Sources */ = {isa = PBXBuildFile; fileRef = 8204E27620AC498E0086BA54 /* EditMyMenu.swift */; };
		8204E60E20AD72DC003E79BA /* SearchMenu.swift in Sources */ = {isa = PBXBuildFile; fileRef = 8204E60D20AD72DC003E79BA /* SearchMenu.swift */; };
		8204E61420AD7A59003E79BA /* GoogleService-Info.plist in Resources */ = {isa = PBXBuildFile; fileRef = 8204E61320AD7A59003E79BA /* GoogleService-Info.plist */; };
		82288400214704C600D293D6 /* LoadingCell.swift in Sources */ = {isa = PBXBuildFile; fileRef = 822883FF214704C600D293D6 /* LoadingCell.swift */; };
		8228840221471FCA00D293D6 /* MonthView.swift in Sources */ = {isa = PBXBuildFile; fileRef = 8228840121471FCA00D293D6 /* MonthView.swift */; };
		8228840421471FDD00D293D6 /* WeekdayView.swift in Sources */ = {isa = PBXBuildFile; fileRef = 8228840321471FDD00D293D6 /* WeekdayView.swift */; };
		8228840621471FEB00D293D6 /* CalenderView.swift in Sources */ = {isa = PBXBuildFile; fileRef = 8228840521471FEB00D293D6 /* CalenderView.swift */; };
		823C2A4221255C3600EAB5FD /* NewPostViewController.swift in Sources */ = {isa = PBXBuildFile; fileRef = 823C2A4121255C3600EAB5FD /* NewPostViewController.swift */; };
		823C2A4421255C5900EAB5FD /* UserService.swift in Sources */ = {isa = PBXBuildFile; fileRef = 823C2A4321255C5900EAB5FD /* UserService.swift */; };
		823C2A4621255CF800EAB5FD /* UserProfile.swift in Sources */ = {isa = PBXBuildFile; fileRef = 823C2A4521255CF800EAB5FD /* UserProfile.swift */; };
		823C2A482125616000EAB5FD /* ImageService.swift in Sources */ = {isa = PBXBuildFile; fileRef = 823C2A472125616000EAB5FD /* ImageService.swift */; };
		8297D98920BC1A6700B89F82 /* Main.storyboard in Resources */ = {isa = PBXBuildFile; fileRef = 8297D98820BC1A6600B89F82 /* Main.storyboard */; };
		8297D98F20BC207300B89F82 /* SearchScreen.swift in Sources */ = {isa = PBXBuildFile; fileRef = 8297D98E20BC207300B89F82 /* SearchScreen.swift */; };
		82C7095A21247C0F001D3548 /* MenuViewController.swift in Sources */ = {isa = PBXBuildFile; fileRef = 82C7095921247C0F001D3548 /* MenuViewController.swift */; };
		82C7095C21247D74001D3548 /* HelperExtensions.swift in Sources */ = {isa = PBXBuildFile; fileRef = 82C7095B21247D73001D3548 /* HelperExtensions.swift */; };
		82C7095E21247F7D001D3548 /* LoginViewController.swift in Sources */ = {isa = PBXBuildFile; fileRef = 82C7095D21247F7D001D3548 /* LoginViewController.swift */; };
		82C7096021247FB6001D3548 /* RoundedWhiteButton.swift in Sources */ = {isa = PBXBuildFile; fileRef = 82C7095F21247FB6001D3548 /* RoundedWhiteButton.swift */; };
		82C7096221247FEA001D3548 /* SignUpViewController.swift in Sources */ = {isa = PBXBuildFile; fileRef = 82C7096121247FEA001D3548 /* SignUpViewController.swift */; };
		82C709642124800C001D3548 /* HomeViewController.swift in Sources */ = {isa = PBXBuildFile; fileRef = 82C709632124800C001D3548 /* HomeViewController.swift */; };
		82ECB04520EBCC7E007EDBF3 /* Menu.swift in Sources */ = {isa = PBXBuildFile; fileRef = 82ECB04420EBCC7E007EDBF3 /* Menu.swift */; };
		82F470FA20AA9C9D002E148E /* AppDelegate.swift in Sources */ = {isa = PBXBuildFile; fileRef = 82F470F920AA9C9D002E148E /* AppDelegate.swift */; };
		82F470FC20AA9C9D002E148E /* ViewController.swift in Sources */ = {isa = PBXBuildFile; fileRef = 82F470FB20AA9C9D002E148E /* ViewController.swift */; };
		82F4710120AA9C9D002E148E /* Assets.xcassets in Resources */ = {isa = PBXBuildFile; fileRef = 82F4710020AA9C9D002E148E /* Assets.xcassets */; };
		82F4710420AA9C9D002E148E /* LaunchScreen.storyboard in Resources */ = {isa = PBXBuildFile; fileRef = 82F4710220AA9C9D002E148E /* LaunchScreen.storyboard */; };
		82F4710F20AA9C9D002E148E /* ProjectTests.swift in Sources */ = {isa = PBXBuildFile; fileRef = 82F4710E20AA9C9D002E148E /* ProjectTests.swift */; };
		82F4711A20AA9C9E002E148E /* ProjectUITests.swift in Sources */ = {isa = PBXBuildFile; fileRef = 82F4711920AA9C9E002E148E /* ProjectUITests.swift */; };
		82F4712A20AA9D28002E148E /* SWRevealViewController.m in Sources */ = {isa = PBXBuildFile; fileRef = 82F4712820AA9D27002E148E /* SWRevealViewController.m */; };
		82F4712E20AAA15F002E148E /* MenuController.swift in Sources */ = {isa = PBXBuildFile; fileRef = 82F4712D20AAA15F002E148E /* MenuController.swift */; };
		82F4713220AAB0DD002E148E /* MenuCell.swift in Sources */ = {isa = PBXBuildFile; fileRef = 82F4713120AAB0DD002E148E /* MenuCell.swift */; };
		82F4713A20AAC396002E148E /* BaseMenuController.swift in Sources */ = {isa = PBXBuildFile; fileRef = 82F4713920AAC396002E148E /* BaseMenuController.swift */; };
		82F4713E20AAD98E002E148E /* MenuPopularScreen.swift in Sources */ = {isa = PBXBuildFile; fileRef = 82F4713D20AAD98E002E148E /* MenuPopularScreen.swift */; };
		82F4714220AAE36D002E148E /* LogOutScreen.swift in Sources */ = {isa = PBXBuildFile; fileRef = 82F4714120AAE36C002E148E /* LogOutScreen.swift */; };
		82F4714420AAE4A4002E148E /* InsertMenuScreen.swift in Sources */ = {isa = PBXBuildFile; fileRef = 82F4714320AAE4A4002E148E /* InsertMenuScreen.swift */; };
		82F4714620AAE513002E148E /* MenuFavouriteScreen.swift in Sources */ = {isa = PBXBuildFile; fileRef = 82F4714520AAE513002E148E /* MenuFavouriteScreen.swift */; };
		82F4714820AAE53D002E148E /* CalenderScreen.swift in Sources */ = {isa = PBXBuildFile; fileRef = 82F4714720AAE53D002E148E /* CalenderScreen.swift */; };
		82FF732220F128A000A253AA /* MyMenu.swift in Sources */ = {isa = PBXBuildFile; fileRef = 82FF732120F128A000A253AA /* MyMenu.swift */; };
		82FF732420F128D200A253AA /* MyMenuCell.swift in Sources */ = {isa = PBXBuildFile; fileRef = 82FF732320F128D200A253AA /* MyMenuCell.swift */; };
		82FF732620F12D1500A253AA /* MyMenuDetail.swift in Sources */ = {isa = PBXBuildFile; fileRef = 82FF732520F12D1500A253AA /* MyMenuDetail.swift */; };
		82FF732820F1316C00A253AA /* MenuDetail.swift in Sources */ = {isa = PBXBuildFile; fileRef = 82FF732720F1316C00A253AA /* MenuDetail.swift */; };
/* End PBXBuildFile section */

/* Begin PBXContainerItemProxy section */
		82F4710B20AA9C9D002E148E /* PBXContainerItemProxy */ = {
			isa = PBXContainerItemProxy;
			containerPortal = 82F470EE20AA9C9D002E148E /* Project object */;
			proxyType = 1;
			remoteGlobalIDString = 82F470F520AA9C9D002E148E;
			remoteInfo = Project;
		};
		82F4711620AA9C9E002E148E /* PBXContainerItemProxy */ = {
			isa = PBXContainerItemProxy;
			containerPortal = 82F470EE20AA9C9D002E148E /* Project object */;
			proxyType = 1;
			remoteGlobalIDString = 82F470F520AA9C9D002E148E;
			remoteInfo = Project;
		};
/* End PBXContainerItemProxy section */

/* Begin PBXFileReference section */
		03362CE26B40C49E243954CB /* Pods-Project.release.xcconfig */ = {isa = PBXFileReference; includeInIndex = 1; lastKnownFileType = text.xcconfig; name = "Pods-Project.release.xcconfig"; path = "Pods/Target Support Files/Pods-Project/Pods-Project.release.xcconfig"; sourceTree = "<group>"; };
		05145997FC099B7379527D6B /* Pods_ProjectTests.framework */ = {isa = PBXFileReference; explicitFileType = wrapper.framework; includeInIndex = 0; path = Pods_ProjectTests.framework; sourceTree = BUILT_PRODUCTS_DIR; };
		34B05E941848B4ACCBB23467 /* Pods_ProjectUITests.framework */ = {isa = PBXFileReference; explicitFileType = wrapper.framework; includeInIndex = 0; path = Pods_ProjectUITests.framework; sourceTree = BUILT_PRODUCTS_DIR; };
		778A1B242790F1E887323B4A /* Pods-ProjectTests.release.xcconfig */ = {isa = PBXFileReference; includeInIndex = 1; lastKnownFileType = text.xcconfig; name = "Pods-ProjectTests.release.xcconfig"; path = "Pods/Target Support Files/Pods-ProjectTests/Pods-ProjectTests.release.xcconfig"; sourceTree = "<group>"; };
		8204559A21249DAD002BA436 /* PostTableViewCell.swift */ = {isa = PBXFileReference; lastKnownFileType = sourcecode.swift; path = PostTableViewCell.swift; sourceTree = "<group>"; };
		8204559C21249EE5002BA436 /* Post.swift */ = {isa = PBXFileReference; lastKnownFileType = sourcecode.swift; path = Post.swift; sourceTree = "<group>"; };
		8204559E21249F5A002BA436 /* PostTableViewCell.xib */ = {isa = PBXFileReference; fileEncoding = 4; lastKnownFileType = file.xib; path = PostTableViewCell.xib; sourceTree = "<group>"; };
		8204C2A220E0AFF50036AF18 /* SearchScreenCell.swift */ = {isa = PBXFileReference; lastKnownFileType = sourcecode.swift; path = SearchScreenCell.swift; sourceTree = "<group>"; };
		8204E26620AC45100086BA54 /* MenuPopularDetail.swift */ = {isa = PBXFileReference; lastKnownFileType = sourcecode.swift; path = MenuPopularDetail.swift; sourceTree = "<group>"; };
		8204E26A20AC47040086BA54 /* MenuFavouriteDetail.swift */ = {isa = PBXFileReference; lastKnownFileType = sourcecode.swift; path = MenuFavouriteDetail.swift; sourceTree = "<group>"; };
		8204E26C20AC475F0086BA54 /* CalenderDetail.swift */ = {isa = PBXFileReference; lastKnownFileType = sourcecode.swift; path = CalenderDetail.swift; sourceTree = "<group>"; };
		8204E26E20AC48570086BA54 /* LogInScreen.swift */ = {isa = PBXFileReference; lastKnownFileType = sourcecode.swift; path = LogInScreen.swift; sourceTree = "<group>"; };
		8204E27020AC48990086BA54 /* LogInGmail.swift */ = {isa = PBXFileReference; lastKnownFileType = sourcecode.swift; path = LogInGmail.swift; sourceTree = "<group>"; };
		8204E27220AC48AA0086BA54 /* LogInFacebook.swift */ = {isa = PBXFileReference; lastKnownFileType = sourcecode.swift; path = LogInFacebook.swift; sourceTree = "<group>"; };
		8204E27420AC49550086BA54 /* InsertMyMenu.swift */ = {isa = PBXFileReference; lastKnownFileType = sourcecode.swift; path = InsertMyMenu.swift; sourceTree = "<group>"; };
		8204E27620AC498E0086BA54 /* EditMyMenu.swift */ = {isa = PBXFileReference; lastKnownFileType = sourcecode.swift; path = EditMyMenu.swift; sourceTree = "<group>"; };
		8204E60D20AD72DC003E79BA /* SearchMenu.swift */ = {isa = PBXFileReference; lastKnownFileType = sourcecode.swift; path = SearchMenu.swift; sourceTree = "<group>"; };
		8204E61320AD7A59003E79BA /* GoogleService-Info.plist */ = {isa = PBXFileReference; fileEncoding = 4; lastKnownFileType = text.plist.xml; path = "GoogleService-Info.plist"; sourceTree = "<group>"; };
		8205991F213EB1F6006A5415 /* Project.entitlements */ = {isa = PBXFileReference; lastKnownFileType = text.plist.entitlements; path = Project.entitlements; sourceTree = "<group>"; };
		822883FF214704C600D293D6 /* LoadingCell.swift */ = {isa = PBXFileReference; lastKnownFileType = sourcecode.swift; path = LoadingCell.swift; sourceTree = "<group>"; };
		8228840121471FCA00D293D6 /* MonthView.swift */ = {isa = PBXFileReference; lastKnownFileType = sourcecode.swift; path = MonthView.swift; sourceTree = "<group>"; };
		8228840321471FDD00D293D6 /* WeekdayView.swift */ = {isa = PBXFileReference; lastKnownFileType = sourcecode.swift; path = WeekdayView.swift; sourceTree = "<group>"; };
		8228840521471FEB00D293D6 /* CalenderView.swift */ = {isa = PBXFileReference; lastKnownFileType = sourcecode.swift; path = CalenderView.swift; sourceTree = "<group>"; };
		823C2A4121255C3600EAB5FD /* NewPostViewController.swift */ = {isa = PBXFileReference; lastKnownFileType = sourcecode.swift; path = NewPostViewController.swift; sourceTree = "<group>"; };
		823C2A4321255C5900EAB5FD /* UserService.swift */ = {isa = PBXFileReference; lastKnownFileType = sourcecode.swift; path = UserService.swift; sourceTree = "<group>"; };
		823C2A4521255CF800EAB5FD /* UserProfile.swift */ = {isa = PBXFileReference; lastKnownFileType = sourcecode.swift; path = UserProfile.swift; sourceTree = "<group>"; };
		823C2A472125616000EAB5FD /* ImageService.swift */ = {isa = PBXFileReference; lastKnownFileType = sourcecode.swift; path = ImageService.swift; sourceTree = "<group>"; };
		8297D98820BC1A6600B89F82 /* Main.storyboard */ = {isa = PBXFileReference; fileEncoding = 4; lastKnownFileType = file.storyboard; path = Main.storyboard; sourceTree = "<group>"; };
		8297D98E20BC207300B89F82 /* SearchScreen.swift */ = {isa = PBXFileReference; lastKnownFileType = sourcecode.swift; path = SearchScreen.swift; sourceTree = "<group>"; };
		82C7095921247C0F001D3548 /* MenuViewController.swift */ = {isa = PBXFileReference; lastKnownFileType = sourcecode.swift; path = MenuViewController.swift; sourceTree = "<group>"; };
		82C7095B21247D73001D3548 /* HelperExtensions.swift */ = {isa = PBXFileReference; lastKnownFileType = sourcecode.swift; path = HelperExtensions.swift; sourceTree = "<group>"; };
		82C7095D21247F7D001D3548 /* LoginViewController.swift */ = {isa = PBXFileReference; lastKnownFileType = sourcecode.swift; path = LoginViewController.swift; sourceTree = "<group>"; };
		82C7095F21247FB6001D3548 /* RoundedWhiteButton.swift */ = {isa = PBXFileReference; lastKnownFileType = sourcecode.swift; path = RoundedWhiteButton.swift; sourceTree = "<group>"; };
		82C7096121247FEA001D3548 /* SignUpViewController.swift */ = {isa = PBXFileReference; lastKnownFileType = sourcecode.swift; path = SignUpViewController.swift; sourceTree = "<group>"; };
		82C709632124800C001D3548 /* HomeViewController.swift */ = {isa = PBXFileReference; lastKnownFileType = sourcecode.swift; path = HomeViewController.swift; sourceTree = "<group>"; };
		82ECB04420EBCC7E007EDBF3 /* Menu.swift */ = {isa = PBXFileReference; lastKnownFileType = sourcecode.swift; path = Menu.swift; sourceTree = "<group>"; };
		82F470F620AA9C9D002E148E /* Project.app */ = {isa = PBXFileReference; explicitFileType = wrapper.application; includeInIndex = 0; path = Project.app; sourceTree = BUILT_PRODUCTS_DIR; };
		82F470F920AA9C9D002E148E /* AppDelegate.swift */ = {isa = PBXFileReference; lastKnownFileType = sourcecode.swift; path = AppDelegate.swift; sourceTree = "<group>"; };
		82F470FB20AA9C9D002E148E /* ViewController.swift */ = {isa = PBXFileReference; lastKnownFileType = sourcecode.swift; path = ViewController.swift; sourceTree = "<group>"; };
		82F4710020AA9C9D002E148E /* Assets.xcassets */ = {isa = PBXFileReference; lastKnownFileType = folder.assetcatalog; path = Assets.xcassets; sourceTree = "<group>"; };
		82F4710320AA9C9D002E148E /* Base */ = {isa = PBXFileReference; lastKnownFileType = file.storyboard; name = Base; path = Base.lproj/LaunchScreen.storyboard; sourceTree = "<group>"; };
		82F4710520AA9C9D002E148E /* Info.plist */ = {isa = PBXFileReference; lastKnownFileType = text.plist.xml; path = Info.plist; sourceTree = "<group>"; };
		82F4710A20AA9C9D002E148E /* ProjectTests.xctest */ = {isa = PBXFileReference; explicitFileType = wrapper.cfbundle; includeInIndex = 0; path = ProjectTests.xctest; sourceTree = BUILT_PRODUCTS_DIR; };
		82F4710E20AA9C9D002E148E /* ProjectTests.swift */ = {isa = PBXFileReference; lastKnownFileType = sourcecode.swift; path = ProjectTests.swift; sourceTree = "<group>"; };
		82F4711020AA9C9E002E148E /* Info.plist */ = {isa = PBXFileReference; lastKnownFileType = text.plist.xml; path = Info.plist; sourceTree = "<group>"; };
		82F4711520AA9C9E002E148E /* ProjectUITests.xctest */ = {isa = PBXFileReference; explicitFileType = wrapper.cfbundle; includeInIndex = 0; path = ProjectUITests.xctest; sourceTree = BUILT_PRODUCTS_DIR; };
		82F4711920AA9C9E002E148E /* ProjectUITests.swift */ = {isa = PBXFileReference; lastKnownFileType = sourcecode.swift; path = ProjectUITests.swift; sourceTree = "<group>"; };
		82F4711B20AA9C9E002E148E /* Info.plist */ = {isa = PBXFileReference; lastKnownFileType = text.plist.xml; path = Info.plist; sourceTree = "<group>"; };
		82F4712720AA9D27002E148E /* Project-Bridging-Header.h */ = {isa = PBXFileReference; lastKnownFileType = sourcecode.c.h; path = "Project-Bridging-Header.h"; sourceTree = "<group>"; };
		82F4712820AA9D27002E148E /* SWRevealViewController.m */ = {isa = PBXFileReference; fileEncoding = 4; lastKnownFileType = sourcecode.c.objc; path = SWRevealViewController.m; sourceTree = "<group>"; };
		82F4712920AA9D27002E148E /* SWRevealViewController.h */ = {isa = PBXFileReference; fileEncoding = 4; lastKnownFileType = sourcecode.c.h; path = SWRevealViewController.h; sourceTree = "<group>"; };
		82F4712D20AAA15F002E148E /* MenuController.swift */ = {isa = PBXFileReference; lastKnownFileType = sourcecode.swift; path = MenuController.swift; sourceTree = "<group>"; };
		82F4713120AAB0DD002E148E /* MenuCell.swift */ = {isa = PBXFileReference; lastKnownFileType = sourcecode.swift; path = MenuCell.swift; sourceTree = "<group>"; };
		82F4713920AAC396002E148E /* BaseMenuController.swift */ = {isa = PBXFileReference; lastKnownFileType = sourcecode.swift; path = BaseMenuController.swift; sourceTree = "<group>"; };
		82F4713D20AAD98E002E148E /* MenuPopularScreen.swift */ = {isa = PBXFileReference; lastKnownFileType = sourcecode.swift; path = MenuPopularScreen.swift; sourceTree = "<group>"; };
		82F4714120AAE36C002E148E /* LogOutScreen.swift */ = {isa = PBXFileReference; lastKnownFileType = sourcecode.swift; path = LogOutScreen.swift; sourceTree = "<group>"; };
		82F4714320AAE4A4002E148E /* InsertMenuScreen.swift */ = {isa = PBXFileReference; lastKnownFileType = sourcecode.swift; path = InsertMenuScreen.swift; sourceTree = "<group>"; };
		82F4714520AAE513002E148E /* MenuFavouriteScreen.swift */ = {isa = PBXFileReference; lastKnownFileType = sourcecode.swift; path = MenuFavouriteScreen.swift; sourceTree = "<group>"; };
		82F4714720AAE53D002E148E /* CalenderScreen.swift */ = {isa = PBXFileReference; lastKnownFileType = sourcecode.swift; path = CalenderScreen.swift; sourceTree = "<group>"; };
		82FF732120F128A000A253AA /* MyMenu.swift */ = {isa = PBXFileReference; lastKnownFileType = sourcecode.swift; path = MyMenu.swift; sourceTree = "<group>"; };
		82FF732320F128D200A253AA /* MyMenuCell.swift */ = {isa = PBXFileReference; lastKnownFileType = sourcecode.swift; path = MyMenuCell.swift; sourceTree = "<group>"; };
		82FF732520F12D1500A253AA /* MyMenuDetail.swift */ = {isa = PBXFileReference; lastKnownFileType = sourcecode.swift; path = MyMenuDetail.swift; sourceTree = "<group>"; };
		82FF732720F1316C00A253AA /* MenuDetail.swift */ = {isa = PBXFileReference; lastKnownFileType = sourcecode.swift; path = MenuDetail.swift; sourceTree = "<group>"; };
		AF0742142F58A49C91F43F71 /* Pods-Project.debug.xcconfig */ = {isa = PBXFileReference; includeInIndex = 1; lastKnownFileType = text.xcconfig; name = "Pods-Project.debug.xcconfig"; path = "Pods/Target Support Files/Pods-Project/Pods-Project.debug.xcconfig"; sourceTree = "<group>"; };
		CA78AA62244C060B0667E37B /* Pods-ProjectTests.debug.xcconfig */ = {isa = PBXFileReference; includeInIndex = 1; lastKnownFileType = text.xcconfig; name = "Pods-ProjectTests.debug.xcconfig"; path = "Pods/Target Support Files/Pods-ProjectTests/Pods-ProjectTests.debug.xcconfig"; sourceTree = "<group>"; };
		D6FD7A3512BB3190D17ADCE9 /* Pods-ProjectUITests.debug.xcconfig */ = {isa = PBXFileReference; includeInIndex = 1; lastKnownFileType = text.xcconfig; name = "Pods-ProjectUITests.debug.xcconfig"; path = "Pods/Target Support Files/Pods-ProjectUITests/Pods-ProjectUITests.debug.xcconfig"; sourceTree = "<group>"; };
		E40924FFC04A0863A4E7BCFF /* Pods-ProjectUITests.release.xcconfig */ = {isa = PBXFileReference; includeInIndex = 1; lastKnownFileType = text.xcconfig; name = "Pods-ProjectUITests.release.xcconfig"; path = "Pods/Target Support Files/Pods-ProjectUITests/Pods-ProjectUITests.release.xcconfig"; sourceTree = "<group>"; };
		FD7C1B825FCBBDC718094C11 /* Pods_Project.framework */ = {isa = PBXFileReference; explicitFileType = wrapper.framework; includeInIndex = 0; path = Pods_Project.framework; sourceTree = BUILT_PRODUCTS_DIR; };
/* End PBXFileReference section */

/* Begin PBXFrameworksBuildPhase section */
		82F470F320AA9C9D002E148E /* Frameworks */ = {
			isa = PBXFrameworksBuildPhase;
			buildActionMask = 2147483647;
			files = (
				6F20B436431C6E008BF70644 /* Pods_Project.framework in Frameworks */,
			);
			runOnlyForDeploymentPostprocessing = 0;
		};
		82F4710720AA9C9D002E148E /* Frameworks */ = {
			isa = PBXFrameworksBuildPhase;
			buildActionMask = 2147483647;
			files = (
				1D6A2E42DFF43CFF3DF1FFA7 /* Pods_ProjectTests.framework in Frameworks */,
			);
			runOnlyForDeploymentPostprocessing = 0;
		};
		82F4711220AA9C9E002E148E /* Frameworks */ = {
			isa = PBXFrameworksBuildPhase;
			buildActionMask = 2147483647;
			files = (
				2A0FBA3E4E0D8E6E661824BC /* Pods_ProjectUITests.framework in Frameworks */,
			);
			runOnlyForDeploymentPostprocessing = 0;
		};
/* End PBXFrameworksBuildPhase section */

/* Begin PBXGroup section */
		82F470ED20AA9C9D002E148E = {
			isa = PBXGroup;
			children = (
				82F470F820AA9C9D002E148E /* Project */,
				82F4710D20AA9C9D002E148E /* ProjectTests */,
				82F4711820AA9C9E002E148E /* ProjectUITests */,
				82F470F720AA9C9D002E148E /* Products */,
				A2BF71BA366CB581B340D98A /* Pods */,
				CA60018F05A72BF85D608E0A /* Frameworks */,
			);
			sourceTree = "<group>";
		};
		82F470F720AA9C9D002E148E /* Products */ = {
			isa = PBXGroup;
			children = (
				82F470F620AA9C9D002E148E /* Project.app */,
				82F4710A20AA9C9D002E148E /* ProjectTests.xctest */,
				82F4711520AA9C9E002E148E /* ProjectUITests.xctest */,
			);
			name = Products;
			sourceTree = "<group>";
		};
		82F470F820AA9C9D002E148E /* Project */ = {
			isa = PBXGroup;
			children = (
				8205991F213EB1F6006A5415 /* Project.entitlements */,
				82F470F920AA9C9D002E148E /* AppDelegate.swift */,
				82F470FB20AA9C9D002E148E /* ViewController.swift */,
				82F4712D20AAA15F002E148E /* MenuController.swift */,
				82F4713120AAB0DD002E148E /* MenuCell.swift */,
				8297D98E20BC207300B89F82 /* SearchScreen.swift */,
				8204C2A220E0AFF50036AF18 /* SearchScreenCell.swift */,
				8204E60D20AD72DC003E79BA /* SearchMenu.swift */,
				82F4713D20AAD98E002E148E /* MenuPopularScreen.swift */,
				8204E26620AC45100086BA54 /* MenuPopularDetail.swift */,
				82F4714320AAE4A4002E148E /* InsertMenuScreen.swift */,
				8204E26E20AC48570086BA54 /* LogInScreen.swift */,
				8204E27020AC48990086BA54 /* LogInGmail.swift */,
				8204E27220AC48AA0086BA54 /* LogInFacebook.swift */,
				82FF732120F128A000A253AA /* MyMenu.swift */,
				82FF732320F128D200A253AA /* MyMenuCell.swift */,
				8204E27420AC49550086BA54 /* InsertMyMenu.swift */,
				8204E27620AC498E0086BA54 /* EditMyMenu.swift */,
				82FF732520F12D1500A253AA /* MyMenuDetail.swift */,
				82F4714520AAE513002E148E /* MenuFavouriteScreen.swift */,
				8204E26A20AC47040086BA54 /* MenuFavouriteDetail.swift */,
				82F4714720AAE53D002E148E /* CalenderScreen.swift */,
				8228840121471FCA00D293D6 /* MonthView.swift */,
				8228840321471FDD00D293D6 /* WeekdayView.swift */,
				8228840521471FEB00D293D6 /* CalenderView.swift */,
				8204E26C20AC475F0086BA54 /* CalenderDetail.swift */,
				82F4714120AAE36C002E148E /* LogOutScreen.swift */,
				82F4713920AAC396002E148E /* BaseMenuController.swift */,
				82ECB04420EBCC7E007EDBF3 /* Menu.swift */,
				82FF732720F1316C00A253AA /* MenuDetail.swift */,
				8204559C21249EE5002BA436 /* Post.swift */,
				823C2A4321255C5900EAB5FD /* UserService.swift */,
				823C2A4521255CF800EAB5FD /* UserProfile.swift */,
				823C2A472125616000EAB5FD /* ImageService.swift */,
				82C7095921247C0F001D3548 /* MenuViewController.swift */,
				82C7095D21247F7D001D3548 /* LoginViewController.swift */,
				82C7095F21247FB6001D3548 /* RoundedWhiteButton.swift */,
				82C7096121247FEA001D3548 /* SignUpViewController.swift */,
				82C709632124800C001D3548 /* HomeViewController.swift */,
				8204559A21249DAD002BA436 /* PostTableViewCell.swift */,
				823C2A4121255C3600EAB5FD /* NewPostViewController.swift */,
				82C7095B21247D73001D3548 /* HelperExtensions.swift */,
				822883FF214704C600D293D6 /* LoadingCell.swift */,
				8204559E21249F5A002BA436 /* PostTableViewCell.xib */,
				8297D98820BC1A6600B89F82 /* Main.storyboard */,
				82F4710020AA9C9D002E148E /* Assets.xcassets */,
				82F4710220AA9C9D002E148E /* LaunchScreen.storyboard */,
				82F4710520AA9C9D002E148E /* Info.plist */,
				8204E61320AD7A59003E79BA /* GoogleService-Info.plist */,
				82F4712920AA9D27002E148E /* SWRevealViewController.h */,
				82F4712820AA9D27002E148E /* SWRevealViewController.m */,
				82F4712720AA9D27002E148E /* Project-Bridging-Header.h */,
			);
			path = Project;
			sourceTree = "<group>";
		};
		82F4710D20AA9C9D002E148E /* ProjectTests */ = {
			isa = PBXGroup;
			children = (
				82F4710E20AA9C9D002E148E /* ProjectTests.swift */,
				82F4711020AA9C9E002E148E /* Info.plist */,
			);
			path = ProjectTests;
			sourceTree = "<group>";
		};
		82F4711820AA9C9E002E148E /* ProjectUITests */ = {
			isa = PBXGroup;
			children = (
				82F4711920AA9C9E002E148E /* ProjectUITests.swift */,
				82F4711B20AA9C9E002E148E /* Info.plist */,
			);
			path = ProjectUITests;
			sourceTree = "<group>";
		};
		A2BF71BA366CB581B340D98A /* Pods */ = {
			isa = PBXGroup;
			children = (
				AF0742142F58A49C91F43F71 /* Pods-Project.debug.xcconfig */,
				03362CE26B40C49E243954CB /* Pods-Project.release.xcconfig */,
				CA78AA62244C060B0667E37B /* Pods-ProjectTests.debug.xcconfig */,
				778A1B242790F1E887323B4A /* Pods-ProjectTests.release.xcconfig */,
				D6FD7A3512BB3190D17ADCE9 /* Pods-ProjectUITests.debug.xcconfig */,
				E40924FFC04A0863A4E7BCFF /* Pods-ProjectUITests.release.xcconfig */,
			);
			name = Pods;
			sourceTree = "<group>";
		};
		CA60018F05A72BF85D608E0A /* Frameworks */ = {
			isa = PBXGroup;
			children = (
				FD7C1B825FCBBDC718094C11 /* Pods_Project.framework */,
				05145997FC099B7379527D6B /* Pods_ProjectTests.framework */,
				34B05E941848B4ACCBB23467 /* Pods_ProjectUITests.framework */,
			);
			name = Frameworks;
			sourceTree = "<group>";
		};
/* End PBXGroup section */

/* Begin PBXNativeTarget section */
		82F470F520AA9C9D002E148E /* Project */ = {
			isa = PBXNativeTarget;
			buildConfigurationList = 82F4711E20AA9C9E002E148E /* Build configuration list for PBXNativeTarget "Project" */;
			buildPhases = (
				B0E52EEAA10A1FAAE35FFF92 /* [CP] Check Pods Manifest.lock */,
				82F470F220AA9C9D002E148E /* Sources */,
				82F470F320AA9C9D002E148E /* Frameworks */,
				82F470F420AA9C9D002E148E /* Resources */,
				158C0B9EE0F1DEA2444D92C5 /* [CP] Embed Pods Frameworks */,
				8409BA4B3DC2A718D6129409 /* [CP] Copy Pods Resources */,
			);
			buildRules = (
			);
			dependencies = (
			);
			name = Project;
			productName = Project;
			productReference = 82F470F620AA9C9D002E148E /* Project.app */;
			productType = "com.apple.product-type.application";
		};
		82F4710920AA9C9D002E148E /* ProjectTests */ = {
			isa = PBXNativeTarget;
			buildConfigurationList = 82F4712120AA9C9E002E148E /* Build configuration list for PBXNativeTarget "ProjectTests" */;
			buildPhases = (
				46F2EE2A9CF7D250A7D45E34 /* [CP] Check Pods Manifest.lock */,
				82F4710620AA9C9D002E148E /* Sources */,
				82F4710720AA9C9D002E148E /* Frameworks */,
				82F4710820AA9C9D002E148E /* Resources */,
			);
			buildRules = (
			);
			dependencies = (
				82F4710C20AA9C9D002E148E /* PBXTargetDependency */,
			);
			name = ProjectTests;
			productName = ProjectTests;
			productReference = 82F4710A20AA9C9D002E148E /* ProjectTests.xctest */;
			productType = "com.apple.product-type.bundle.unit-test";
		};
		82F4711420AA9C9E002E148E /* ProjectUITests */ = {
			isa = PBXNativeTarget;
			buildConfigurationList = 82F4712420AA9C9E002E148E /* Build configuration list for PBXNativeTarget "ProjectUITests" */;
			buildPhases = (
				3A5E3C7B70C167A4AD8C29E7 /* [CP] Check Pods Manifest.lock */,
				82F4711120AA9C9E002E148E /* Sources */,
				82F4711220AA9C9E002E148E /* Frameworks */,
				82F4711320AA9C9E002E148E /* Resources */,
			);
			buildRules = (
			);
			dependencies = (
				82F4711720AA9C9E002E148E /* PBXTargetDependency */,
			);
			name = ProjectUITests;
			productName = ProjectUITests;
			productReference = 82F4711520AA9C9E002E148E /* ProjectUITests.xctest */;
			productType = "com.apple.product-type.bundle.ui-testing";
		};
/* End PBXNativeTarget section */

/* Begin PBXProject section */
		82F470EE20AA9C9D002E148E /* Project object */ = {
			isa = PBXProject;
			attributes = {
				LastSwiftUpdateCheck = 0920;
				LastUpgradeCheck = 0920;
				ORGANIZATIONNAME = Pakaporn;
				TargetAttributes = {
					82F470F520AA9C9D002E148E = {
						CreatedOnToolsVersion = 9.2;
						LastSwiftMigration = 0920;
						ProvisioningStyle = Automatic;
						SystemCapabilities = {
							com.apple.Keychain = {
								enabled = 1;
							};
						};
					};
					82F4710920AA9C9D002E148E = {
						CreatedOnToolsVersion = 9.2;
						ProvisioningStyle = Automatic;
						TestTargetID = 82F470F520AA9C9D002E148E;
					};
					82F4711420AA9C9E002E148E = {
						CreatedOnToolsVersion = 9.2;
						ProvisioningStyle = Automatic;
						TestTargetID = 82F470F520AA9C9D002E148E;
					};
				};
			};
			buildConfigurationList = 82F470F120AA9C9D002E148E /* Build configuration list for PBXProject "Project" */;
			compatibilityVersion = "Xcode 8.0";
			developmentRegion = en;
			hasScannedForEncodings = 0;
			knownRegions = (
				en,
				Base,
			);
			mainGroup = 82F470ED20AA9C9D002E148E;
			productRefGroup = 82F470F720AA9C9D002E148E /* Products */;
			projectDirPath = "";
			projectRoot = "";
			targets = (
				82F470F520AA9C9D002E148E /* Project */,
				82F4710920AA9C9D002E148E /* ProjectTests */,
				82F4711420AA9C9E002E148E /* ProjectUITests */,
			);
		};
/* End PBXProject section */

/* Begin PBXResourcesBuildPhase section */
		82F470F420AA9C9D002E148E /* Resources */ = {
			isa = PBXResourcesBuildPhase;
			buildActionMask = 2147483647;
			files = (
				82F4710420AA9C9D002E148E /* LaunchScreen.storyboard in Resources */,
				8204559F21249F5A002BA436 /* PostTableViewCell.xib in Resources */,
				8204E61420AD7A59003E79BA /* GoogleService-Info.plist in Resources */,
				82F4710120AA9C9D002E148E /* Assets.xcassets in Resources */,
				8297D98920BC1A6700B89F82 /* Main.storyboard in Resources */,
			);
			runOnlyForDeploymentPostprocessing = 0;
		};
		82F4710820AA9C9D002E148E /* Resources */ = {
			isa = PBXResourcesBuildPhase;
			buildActionMask = 2147483647;
			files = (
			);
			runOnlyForDeploymentPostprocessing = 0;
		};
		82F4711320AA9C9E002E148E /* Resources */ = {
			isa = PBXResourcesBuildPhase;
			buildActionMask = 2147483647;
			files = (
			);
			runOnlyForDeploymentPostprocessing = 0;
		};
/* End PBXResourcesBuildPhase section */

/* Begin PBXShellScriptBuildPhase section */
		158C0B9EE0F1DEA2444D92C5 /* [CP] Embed Pods Frameworks */ = {
			isa = PBXShellScriptBuildPhase;
			buildActionMask = 2147483647;
			files = (
			);
			inputPaths = (
				"${SRCROOT}/Pods/Target Support Files/Pods-Project/Pods-Project-frameworks.sh",
				"${BUILT_PRODUCTS_DIR}/Bolts/Bolts.framework",
				"${BUILT_PRODUCTS_DIR}/FBSDKCoreKit/FBSDKCoreKit.framework",
				"${BUILT_PRODUCTS_DIR}/FBSDKLoginKit/FBSDKLoginKit.framework",
				"${BUILT_PRODUCTS_DIR}/FBSDKShareKit/FBSDKShareKit.framework",
				"${BUILT_PRODUCTS_DIR}/GTMOAuth2/GTMOAuth2.framework",
				"${BUILT_PRODUCTS_DIR}/GTMSessionFetcher/GTMSessionFetcher.framework",
				"${BUILT_PRODUCTS_DIR}/GoogleToolboxForMac/GoogleToolboxForMac.framework",
				"${BUILT_PRODUCTS_DIR}/leveldb-library/leveldb.framework",
				"${BUILT_PRODUCTS_DIR}/nanopb/nanopb.framework",
			);
			name = "[CP] Embed Pods Frameworks";
			outputPaths = (
				"${TARGET_BUILD_DIR}/${FRAMEWORKS_FOLDER_PATH}/Bolts.framework",
				"${TARGET_BUILD_DIR}/${FRAMEWORKS_FOLDER_PATH}/FBSDKCoreKit.framework",
				"${TARGET_BUILD_DIR}/${FRAMEWORKS_FOLDER_PATH}/FBSDKLoginKit.framework",
				"${TARGET_BUILD_DIR}/${FRAMEWORKS_FOLDER_PATH}/FBSDKShareKit.framework",
				"${TARGET_BUILD_DIR}/${FRAMEWORKS_FOLDER_PATH}/GTMOAuth2.framework",
				"${TARGET_BUILD_DIR}/${FRAMEWORKS_FOLDER_PATH}/GTMSessionFetcher.framework",
				"${TARGET_BUILD_DIR}/${FRAMEWORKS_FOLDER_PATH}/GoogleToolboxForMac.framework",
				"${TARGET_BUILD_DIR}/${FRAMEWORKS_FOLDER_PATH}/leveldb.framework",
				"${TARGET_BUILD_DIR}/${FRAMEWORKS_FOLDER_PATH}/nanopb.framework",
			);
			runOnlyForDeploymentPostprocessing = 0;
			shellPath = /bin/sh;
			shellScript = "\"${SRCROOT}/Pods/Target Support Files/Pods-Project/Pods-Project-frameworks.sh\"\n";
			showEnvVarsInLog = 0;
		};
		3A5E3C7B70C167A4AD8C29E7 /* [CP] Check Pods Manifest.lock */ = {
			isa = PBXShellScriptBuildPhase;
			buildActionMask = 2147483647;
			files = (
			);
			inputPaths = (
				"${PODS_PODFILE_DIR_PATH}/Podfile.lock",
				"${PODS_ROOT}/Manifest.lock",
			);
			name = "[CP] Check Pods Manifest.lock";
			outputPaths = (
				"$(DERIVED_FILE_DIR)/Pods-ProjectUITests-checkManifestLockResult.txt",
			);
			runOnlyForDeploymentPostprocessing = 0;
			shellPath = /bin/sh;
			shellScript = "diff \"${PODS_PODFILE_DIR_PATH}/Podfile.lock\" \"${PODS_ROOT}/Manifest.lock\" > /dev/null\nif [ $? != 0 ] ; then\n    # print error to STDERR\n    echo \"error: The sandbox is not in sync with the Podfile.lock. Run 'pod install' or update your CocoaPods installation.\" >&2\n    exit 1\nfi\n# This output is used by Xcode 'outputs' to avoid re-running this script phase.\necho \"SUCCESS\" > \"${SCRIPT_OUTPUT_FILE_0}\"\n";
			showEnvVarsInLog = 0;
		};
		46F2EE2A9CF7D250A7D45E34 /* [CP] Check Pods Manifest.lock */ = {
			isa = PBXShellScriptBuildPhase;
			buildActionMask = 2147483647;
			files = (
			);
			inputPaths = (
				"${PODS_PODFILE_DIR_PATH}/Podfile.lock",
				"${PODS_ROOT}/Manifest.lock",
			);
			name = "[CP] Check Pods Manifest.lock";
			outputPaths = (
				"$(DERIVED_FILE_DIR)/Pods-ProjectTests-checkManifestLockResult.txt",
			);
			runOnlyForDeploymentPostprocessing = 0;
			shellPath = /bin/sh;
			shellScript = "diff \"${PODS_PODFILE_DIR_PATH}/Podfile.lock\" \"${PODS_ROOT}/Manifest.lock\" > /dev/null\nif [ $? != 0 ] ; then\n    # print error to STDERR\n    echo \"error: The sandbox is not in sync with the Podfile.lock. Run 'pod install' or update your CocoaPods installation.\" >&2\n    exit 1\nfi\n# This output is used by Xcode 'outputs' to avoid re-running this script phase.\necho \"SUCCESS\" > \"${SCRIPT_OUTPUT_FILE_0}\"\n";
			showEnvVarsInLog = 0;
		};
		8409BA4B3DC2A718D6129409 /* [CP] Copy Pods Resources */ = {
			isa = PBXShellScriptBuildPhase;
			buildActionMask = 2147483647;
			files = (
			);
			inputPaths = (
				"${SRCROOT}/Pods/Target Support Files/Pods-Project/Pods-Project-resources.sh",
				"${PODS_ROOT}/GoogleSignIn/Resources/GoogleSignIn.bundle",
			);
			name = "[CP] Copy Pods Resources";
			outputPaths = (
				"${TARGET_BUILD_DIR}/${UNLOCALIZED_RESOURCES_FOLDER_PATH}/GoogleSignIn.bundle",
			);
			runOnlyForDeploymentPostprocessing = 0;
			shellPath = /bin/sh;
			shellScript = "\"${SRCROOT}/Pods/Target Support Files/Pods-Project/Pods-Project-resources.sh\"\n";
			showEnvVarsInLog = 0;
		};
		B0E52EEAA10A1FAAE35FFF92 /* [CP] Check Pods Manifest.lock */ = {
			isa = PBXShellScriptBuildPhase;
			buildActionMask = 2147483647;
			files = (
			);
			inputPaths = (
				"${PODS_PODFILE_DIR_PATH}/Podfile.lock",
				"${PODS_ROOT}/Manifest.lock",
			);
			name = "[CP] Check Pods Manifest.lock";
			outputPaths = (
				"$(DERIVED_FILE_DIR)/Pods-Project-checkManifestLockResult.txt",
			);
			runOnlyForDeploymentPostprocessing = 0;
			shellPath = /bin/sh;
			shellScript = "diff \"${PODS_PODFILE_DIR_PATH}/Podfile.lock\" \"${PODS_ROOT}/Manifest.lock\" > /dev/null\nif [ $? != 0 ] ; then\n    # print error to STDERR\n    echo \"error: The sandbox is not in sync with the Podfile.lock. Run 'pod install' or update your CocoaPods installation.\" >&2\n    exit 1\nfi\n# This output is used by Xcode 'outputs' to avoid re-running this script phase.\necho \"SUCCESS\" > \"${SCRIPT_OUTPUT_FILE_0}\"\n";
			showEnvVarsInLog = 0;
		};
/* End PBXShellScriptBuildPhase section */

/* Begin PBXSourcesBuildPhase section */
		82F470F220AA9C9D002E148E /* Sources */ = {
			isa = PBXSourcesBuildPhase;
			buildActionMask = 2147483647;
			files = (
				82288400214704C600D293D6 /* LoadingCell.swift in Sources */,
				82FF732220F128A000A253AA /* MyMenu.swift in Sources */,
				82FF732420F128D200A253AA /* MyMenuCell.swift in Sources */,
				82F4714420AAE4A4002E148E /* InsertMenuScreen.swift in Sources */,
				82C7095A21247C0F001D3548 /* MenuViewController.swift in Sources */,
				8204E26F20AC48570086BA54 /* LogInScreen.swift in Sources */,
				823C2A4221255C3600EAB5FD /* NewPostViewController.swift in Sources */,
				8204E27120AC48990086BA54 /* LogInGmail.swift in Sources */,
				8204E26B20AC47040086BA54 /* MenuFavouriteDetail.swift in Sources */,
				823C2A482125616000EAB5FD /* ImageService.swift in Sources */,
				82F4714820AAE53D002E148E /* CalenderScreen.swift in Sources */,
				82FF732620F12D1500A253AA /* MyMenuDetail.swift in Sources */,
				8228840221471FCA00D293D6 /* MonthView.swift in Sources */,
				82F4712E20AAA15F002E148E /* MenuController.swift in Sources */,
				82C7096221247FEA001D3548 /* SignUpViewController.swift in Sources */,
				8228840421471FDD00D293D6 /* WeekdayView.swift in Sources */,
				8204C2A320E0AFF50036AF18 /* SearchScreenCell.swift in Sources */,
				82C7095C21247D74001D3548 /* HelperExtensions.swift in Sources */,
				823C2A4621255CF800EAB5FD /* UserProfile.swift in Sources */,
				823C2A4421255C5900EAB5FD /* UserService.swift in Sources */,
				82F4714620AAE513002E148E /* MenuFavouriteScreen.swift in Sources */,
				82F4714220AAE36D002E148E /* LogOutScreen.swift in Sources */,
				82FF732820F1316C00A253AA /* MenuDetail.swift in Sources */,
				8204E27320AC48AA0086BA54 /* LogInFacebook.swift in Sources */,
				82F4713A20AAC396002E148E /* BaseMenuController.swift in Sources */,
				82F4713220AAB0DD002E148E /* MenuCell.swift in Sources */,
				8204559D21249EE5002BA436 /* Post.swift in Sources */,
				8228840621471FEB00D293D6 /* CalenderView.swift in Sources */,
				8204559B21249DAD002BA436 /* PostTableViewCell.swift in Sources */,
				82C7095E21247F7D001D3548 /* LoginViewController.swift in Sources */,
				8204E27720AC498E0086BA54 /* EditMyMenu.swift in Sources */,
				82ECB04520EBCC7E007EDBF3 /* Menu.swift in Sources */,
				8204E26D20AC475F0086BA54 /* CalenderDetail.swift in Sources */,
				82F470FC20AA9C9D002E148E /* ViewController.swift in Sources */,
				82F4713E20AAD98E002E148E /* MenuPopularScreen.swift in Sources */,
				8204E26720AC45100086BA54 /* MenuPopularDetail.swift in Sources */,
				82F470FA20AA9C9D002E148E /* AppDelegate.swift in Sources */,
				82F4712A20AA9D28002E148E /* SWRevealViewController.m in Sources */,
				8204E60E20AD72DC003E79BA /* SearchMenu.swift in Sources */,
				82C709642124800C001D3548 /* HomeViewController.swift in Sources */,
				8204E27520AC49550086BA54 /* InsertMyMenu.swift in Sources */,
				82C7096021247FB6001D3548 /* RoundedWhiteButton.swift in Sources */,
				8297D98F20BC207300B89F82 /* SearchScreen.swift in Sources */,
			);
			runOnlyForDeploymentPostprocessing = 0;
		};
		82F4710620AA9C9D002E148E /* Sources */ = {
			isa = PBXSourcesBuildPhase;
			buildActionMask = 2147483647;
			files = (
				82F4710F20AA9C9D002E148E /* ProjectTests.swift in Sources */,
			);
			runOnlyForDeploymentPostprocessing = 0;
		};
		82F4711120AA9C9E002E148E /* Sources */ = {
			isa = PBXSourcesBuildPhase;
			buildActionMask = 2147483647;
			files = (
				82F4711A20AA9C9E002E148E /* ProjectUITests.swift in Sources */,
			);
			runOnlyForDeploymentPostprocessing = 0;
		};
/* End PBXSourcesBuildPhase section */

/* Begin PBXTargetDependency section */
		82F4710C20AA9C9D002E148E /* PBXTargetDependency */ = {
			isa = PBXTargetDependency;
			target = 82F470F520AA9C9D002E148E /* Project */;
			targetProxy = 82F4710B20AA9C9D002E148E /* PBXContainerItemProxy */;
		};
		82F4711720AA9C9E002E148E /* PBXTargetDependency */ = {
			isa = PBXTargetDependency;
			target = 82F470F520AA9C9D002E148E /* Project */;
			targetProxy = 82F4711620AA9C9E002E148E /* PBXContainerItemProxy */;
		};
/* End PBXTargetDependency section */

/* Begin PBXVariantGroup section */
		82F4710220AA9C9D002E148E /* LaunchScreen.storyboard */ = {
			isa = PBXVariantGroup;
			children = (
				82F4710320AA9C9D002E148E /* Base */,
			);
			name = LaunchScreen.storyboard;
			sourceTree = "<group>";
		};
/* End PBXVariantGroup section */

/* Begin XCBuildConfiguration section */
		82F4711C20AA9C9E002E148E /* Debug */ = {
			isa = XCBuildConfiguration;
			buildSettings = {
				ALWAYS_SEARCH_USER_PATHS = NO;
				CLANG_ANALYZER_NONNULL = YES;
				CLANG_ANALYZER_NUMBER_OBJECT_CONVERSION = YES_AGGRESSIVE;
				CLANG_CXX_LANGUAGE_STANDARD = "gnu++14";
				CLANG_CXX_LIBRARY = "libc++";
				CLANG_ENABLE_MODULES = YES;
				CLANG_ENABLE_OBJC_ARC = YES;
				CLANG_WARN_BLOCK_CAPTURE_AUTORELEASING = YES;
				CLANG_WARN_BOOL_CONVERSION = YES;
				CLANG_WARN_COMMA = YES;
				CLANG_WARN_CONSTANT_CONVERSION = YES;
				CLANG_WARN_DIRECT_OBJC_ISA_USAGE = YES_ERROR;
				CLANG_WARN_DOCUMENTATION_COMMENTS = YES;
				CLANG_WARN_EMPTY_BODY = YES;
				CLANG_WARN_ENUM_CONVERSION = YES;
				CLANG_WARN_INFINITE_RECURSION = YES;
				CLANG_WARN_INT_CONVERSION = YES;
				CLANG_WARN_NON_LITERAL_NULL_CONVERSION = YES;
				CLANG_WARN_OBJC_LITERAL_CONVERSION = YES;
				CLANG_WARN_OBJC_ROOT_CLASS = YES_ERROR;
				CLANG_WARN_RANGE_LOOP_ANALYSIS = YES;
				CLANG_WARN_STRICT_PROTOTYPES = YES;
				CLANG_WARN_SUSPICIOUS_MOVE = YES;
				CLANG_WARN_UNGUARDED_AVAILABILITY = YES_AGGRESSIVE;
				CLANG_WARN_UNREACHABLE_CODE = YES;
				CLANG_WARN__DUPLICATE_METHOD_MATCH = YES;
				CODE_SIGN_IDENTITY = "iPhone Developer";
				COPY_PHASE_STRIP = NO;
				DEBUG_INFORMATION_FORMAT = dwarf;
				ENABLE_STRICT_OBJC_MSGSEND = YES;
				ENABLE_TESTABILITY = YES;
				GCC_C_LANGUAGE_STANDARD = gnu11;
				GCC_DYNAMIC_NO_PIC = NO;
				GCC_NO_COMMON_BLOCKS = YES;
				GCC_OPTIMIZATION_LEVEL = 0;
				GCC_PREPROCESSOR_DEFINITIONS = (
					"DEBUG=1",
					"$(inherited)",
				);
				GCC_WARN_64_TO_32_BIT_CONVERSION = YES;
				GCC_WARN_ABOUT_RETURN_TYPE = YES_ERROR;
				GCC_WARN_UNDECLARED_SELECTOR = YES;
				GCC_WARN_UNINITIALIZED_AUTOS = YES_AGGRESSIVE;
				GCC_WARN_UNUSED_FUNCTION = YES;
				GCC_WARN_UNUSED_VARIABLE = YES;
				IPHONEOS_DEPLOYMENT_TARGET = 11.2;
				MTL_ENABLE_DEBUG_INFO = YES;
				ONLY_ACTIVE_ARCH = YES;
				SDKROOT = iphoneos;
				SWIFT_ACTIVE_COMPILATION_CONDITIONS = DEBUG;
				SWIFT_OPTIMIZATION_LEVEL = "-Onone";
			};
			name = Debug;
		};
		82F4711D20AA9C9E002E148E /* Release */ = {
			isa = XCBuildConfiguration;
			buildSettings = {
				ALWAYS_SEARCH_USER_PATHS = NO;
				CLANG_ANALYZER_NONNULL = YES;
				CLANG_ANALYZER_NUMBER_OBJECT_CONVERSION = YES_AGGRESSIVE;
				CLANG_CXX_LANGUAGE_STANDARD = "gnu++14";
				CLANG_CXX_LIBRARY = "libc++";
				CLANG_ENABLE_MODULES = YES;
				CLANG_ENABLE_OBJC_ARC = YES;
				CLANG_WARN_BLOCK_CAPTURE_AUTORELEASING = YES;
				CLANG_WARN_BOOL_CONVERSION = YES;
				CLANG_WARN_COMMA = YES;
				CLANG_WARN_CONSTANT_CONVERSION = YES;
				CLANG_WARN_DIRECT_OBJC_ISA_USAGE = YES_ERROR;
				CLANG_WARN_DOCUMENTATION_COMMENTS = YES;
				CLANG_WARN_EMPTY_BODY = YES;
				CLANG_WARN_ENUM_CONVERSION = YES;
				CLANG_WARN_INFINITE_RECURSION = YES;
				CLANG_WARN_INT_CONVERSION = YES;
				CLANG_WARN_NON_LITERAL_NULL_CONVERSION = YES;
				CLANG_WARN_OBJC_LITERAL_CONVERSION = YES;
				CLANG_WARN_OBJC_ROOT_CLASS = YES_ERROR;
				CLANG_WARN_RANGE_LOOP_ANALYSIS = YES;
				CLANG_WARN_STRICT_PROTOTYPES = YES;
				CLANG_WARN_SUSPICIOUS_MOVE = YES;
				CLANG_WARN_UNGUARDED_AVAILABILITY = YES_AGGRESSIVE;
				CLANG_WARN_UNREACHABLE_CODE = YES;
				CLANG_WARN__DUPLICATE_METHOD_MATCH = YES;
				CODE_SIGN_IDENTITY = "iPhone Developer";
				COPY_PHASE_STRIP = NO;
				DEBUG_INFORMATION_FORMAT = "dwarf-with-dsym";
				ENABLE_NS_ASSERTIONS = NO;
				ENABLE_STRICT_OBJC_MSGSEND = YES;
				GCC_C_LANGUAGE_STANDARD = gnu11;
				GCC_NO_COMMON_BLOCKS = YES;
				GCC_WARN_64_TO_32_BIT_CONVERSION = YES;
				GCC_WARN_ABOUT_RETURN_TYPE = YES_ERROR;
				GCC_WARN_UNDECLARED_SELECTOR = YES;
				GCC_WARN_UNINITIALIZED_AUTOS = YES_AGGRESSIVE;
				GCC_WARN_UNUSED_FUNCTION = YES;
				GCC_WARN_UNUSED_VARIABLE = YES;
				IPHONEOS_DEPLOYMENT_TARGET = 11.2;
				MTL_ENABLE_DEBUG_INFO = NO;
				SDKROOT = iphoneos;
				SWIFT_OPTIMIZATION_LEVEL = "-Owholemodule";
				VALIDATE_PRODUCT = YES;
			};
			name = Release;
		};
		82F4711F20AA9C9E002E148E /* Debug */ = {
			isa = XCBuildConfiguration;
			baseConfigurationReference = AF0742142F58A49C91F43F71 /* Pods-Project.debug.xcconfig */;
			buildSettings = {
				ASSETCATALOG_COMPILER_APPICON_NAME = AppIcon;
				CLANG_ENABLE_MODULES = YES;
				CODE_SIGN_ENTITLEMENTS = Project/Project.entitlements;
				CODE_SIGN_STYLE = Automatic;
				DEVELOPMENT_TEAM = CB5U466A8G;
				INFOPLIST_FILE = Project/Info.plist;
				LD_RUNPATH_SEARCH_PATHS = "$(inherited) @executable_path/Frameworks";
				PRODUCT_BUNDLE_IDENTIFIER = com.zoic.Project;
				PRODUCT_NAME = "$(TARGET_NAME)";
				SWIFT_OBJC_BRIDGING_HEADER = "Project/Project-Bridging-Header.h";
				SWIFT_OPTIMIZATION_LEVEL = "-Onone";
				SWIFT_VERSION = 4.0;
				TARGETED_DEVICE_FAMILY = "1,2";
			};
			name = Debug;
		};
		82F4712020AA9C9E002E148E /* Release */ = {
			isa = XCBuildConfiguration;
			baseConfigurationReference = 03362CE26B40C49E243954CB /* Pods-Project.release.xcconfig */;
			buildSettings = {
				ASSETCATALOG_COMPILER_APPICON_NAME = AppIcon;
				CLANG_ENABLE_MODULES = YES;
				CODE_SIGN_ENTITLEMENTS = Project/Project.entitlements;
				CODE_SIGN_STYLE = Automatic;
				DEVELOPMENT_TEAM = CB5U466A8G;
				INFOPLIST_FILE = Project/Info.plist;
				LD_RUNPATH_SEARCH_PATHS = "$(inherited) @executable_path/Frameworks";
				PRODUCT_BUNDLE_IDENTIFIER = com.zoic.Project;
				PRODUCT_NAME = "$(TARGET_NAME)";
				SWIFT_OBJC_BRIDGING_HEADER = "Project/Project-Bridging-Header.h";
				SWIFT_VERSION = 4.0;
				TARGETED_DEVICE_FAMILY = "1,2";
			};
			name = Release;
		};
		82F4712220AA9C9E002E148E /* Debug */ = {
			isa = XCBuildConfiguration;
			baseConfigurationReference = CA78AA62244C060B0667E37B /* Pods-ProjectTests.debug.xcconfig */;
			buildSettings = {
				ALWAYS_EMBED_SWIFT_STANDARD_LIBRARIES = YES;
				BUNDLE_LOADER = "$(TEST_HOST)";
				CODE_SIGN_STYLE = Automatic;
				INFOPLIST_FILE = ProjectTests/Info.plist;
				LD_RUNPATH_SEARCH_PATHS = "$(inherited) @executable_path/Frameworks @loader_path/Frameworks";
				PRODUCT_BUNDLE_IDENTIFIER = com.zoic.ProjectTests;
				PRODUCT_NAME = "$(TARGET_NAME)";
				SWIFT_VERSION = 4.0;
				TARGETED_DEVICE_FAMILY = "1,2";
				TEST_HOST = "$(BUILT_PRODUCTS_DIR)/Project.app/Project";
			};
			name = Debug;
		};
		82F4712320AA9C9E002E148E /* Release */ = {
			isa = XCBuildConfiguration;
			baseConfigurationReference = 778A1B242790F1E887323B4A /* Pods-ProjectTests.release.xcconfig */;
			buildSettings = {
				ALWAYS_EMBED_SWIFT_STANDARD_LIBRARIES = YES;
				BUNDLE_LOADER = "$(TEST_HOST)";
				CODE_SIGN_STYLE = Automatic;
				INFOPLIST_FILE = ProjectTests/Info.plist;
				LD_RUNPATH_SEARCH_PATHS = "$(inherited) @executable_path/Frameworks @loader_path/Frameworks";
				PRODUCT_BUNDLE_IDENTIFIER = com.zoic.ProjectTests;
				PRODUCT_NAME = "$(TARGET_NAME)";
				SWIFT_VERSION = 4.0;
				TARGETED_DEVICE_FAMILY = "1,2";
				TEST_HOST = "$(BUILT_PRODUCTS_DIR)/Project.app/Project";
			};
			name = Release;
		};
		82F4712520AA9C9E002E148E /* Debug */ = {
			isa = XCBuildConfiguration;
			baseConfigurationReference = D6FD7A3512BB3190D17ADCE9 /* Pods-ProjectUITests.debug.xcconfig */;
			buildSettings = {
				ALWAYS_EMBED_SWIFT_STANDARD_LIBRARIES = YES;
				CODE_SIGN_STYLE = Automatic;
				INFOPLIST_FILE = ProjectUITests/Info.plist;
				LD_RUNPATH_SEARCH_PATHS = "$(inherited) @executable_path/Frameworks @loader_path/Frameworks";
				PRODUCT_BUNDLE_IDENTIFIER = com.zoic.ProjectUITests;
				PRODUCT_NAME = "$(TARGET_NAME)";
				SWIFT_VERSION = 4.0;
				TARGETED_DEVICE_FAMILY = "1,2";
				TEST_TARGET_NAME = Project;
			};
			name = Debug;
		};
		82F4712620AA9C9E002E148E /* Release */ = {
			isa = XCBuildConfiguration;
			baseConfigurationReference = E40924FFC04A0863A4E7BCFF /* Pods-ProjectUITests.release.xcconfig */;
			buildSettings = {
				ALWAYS_EMBED_SWIFT_STANDARD_LIBRARIES = YES;
				CODE_SIGN_STYLE = Automatic;
				INFOPLIST_FILE = ProjectUITests/Info.plist;
				LD_RUNPATH_SEARCH_PATHS = "$(inherited) @executable_path/Frameworks @loader_path/Frameworks";
				PRODUCT_BUNDLE_IDENTIFIER = com.zoic.ProjectUITests;
				PRODUCT_NAME = "$(TARGET_NAME)";
				SWIFT_VERSION = 4.0;
				TARGETED_DEVICE_FAMILY = "1,2";
				TEST_TARGET_NAME = Project;
			};
			name = Release;
		};
/* End XCBuildConfiguration section */

/* Begin XCConfigurationList section */
		82F470F120AA9C9D002E148E /* Build configuration list for PBXProject "Project" */ = {
			isa = XCConfigurationList;
			buildConfigurations = (
				82F4711C20AA9C9E002E148E /* Debug */,
				82F4711D20AA9C9E002E148E /* Release */,
			);
			defaultConfigurationIsVisible = 0;
			defaultConfigurationName = Release;
		};
		82F4711E20AA9C9E002E148E /* Build configuration list for PBXNativeTarget "Project" */ = {
			isa = XCConfigurationList;
			buildConfigurations = (
				82F4711F20AA9C9E002E148E /* Debug */,
				82F4712020AA9C9E002E148E /* Release */,
			);
			defaultConfigurationIsVisible = 0;
			defaultConfigurationName = Release;
		};
		82F4712120AA9C9E002E148E /* Build configuration list for PBXNativeTarget "ProjectTests" */ = {
			isa = XCConfigurationList;
			buildConfigurations = (
				82F4712220AA9C9E002E148E /* Debug */,
				82F4712320AA9C9E002E148E /* Release */,
			);
			defaultConfigurationIsVisible = 0;
			defaultConfigurationName = Release;
		};
		82F4712420AA9C9E002E148E /* Build configuration list for PBXNativeTarget "ProjectUITests" */ = {
			isa = XCConfigurationList;
			buildConfigurations = (
				82F4712520AA9C9E002E148E /* Debug */,
				82F4712620AA9C9E002E148E /* Release */,
			);
			defaultConfigurationIsVisible = 0;
			defaultConfigurationName = Release;
		};
/* End XCConfigurationList section */
	};
	rootObject = 82F470EE20AA9C9D002E148E /* Project object */;
}
