// !$*UTF8*$!
{
	archiveVersion = 1;
	classes = {
	};
	objectVersion = 48;
	objects = {

/* Begin PBXBuildFile section */
		82F470FA20AA9C9D002E148E /* AppDelegate.swift in Sources */ = {isa = PBXBuildFile; fileRef = 82F470F920AA9C9D002E148E /* AppDelegate.swift */; };
		82F470FC20AA9C9D002E148E /* ViewController.swift in Sources */ = {isa = PBXBuildFile; fileRef = 82F470FB20AA9C9D002E148E /* ViewController.swift */; };
		82F470FF20AA9C9D002E148E /* Main.storyboard in Resources */ = {isa = PBXBuildFile; fileRef = 82F470FD20AA9C9D002E148E /* Main.storyboard */; };
		82F4710120AA9C9D002E148E /* Assets.xcassets in Resources */ = {isa = PBXBuildFile; fileRef = 82F4710020AA9C9D002E148E /* Assets.xcassets */; };
		82F4710420AA9C9D002E148E /* LaunchScreen.storyboard in Resources */ = {isa = PBXBuildFile; fileRef = 82F4710220AA9C9D002E148E /* LaunchScreen.storyboard */; };
		82F4710F20AA9C9D002E148E /* ProjectTests.swift in Sources */ = {isa = PBXBuildFile; fileRef = 82F4710E20AA9C9D002E148E /* ProjectTests.swift */; };
		82F4711A20AA9C9E002E148E /* ProjectUITests.swift in Sources */ = {isa = PBXBuildFile; fileRef = 82F4711920AA9C9E002E148E /* ProjectUITests.swift */; };
		82F4712A20AA9D28002E148E /* SWRevealViewController.m in Sources */ = {isa = PBXBuildFile; fileRef = 82F4712820AA9D27002E148E /* SWRevealViewController.m */; };
		82F4712C20AAA14B002E148E /* HomeController.swift in Sources */ = {isa = PBXBuildFile; fileRef = 82F4712B20AAA14B002E148E /* HomeController.swift */; };
		82F4712E20AAA15F002E148E /* MenuController.swift in Sources */ = {isa = PBXBuildFile; fileRef = 82F4712D20AAA15F002E148E /* MenuController.swift */; };
		82F4713220AAB0DD002E148E /* MenuCell.swift in Sources */ = {isa = PBXBuildFile; fileRef = 82F4713120AAB0DD002E148E /* MenuCell.swift */; };
		82F4713A20AAC396002E148E /* BaseMenuController.swift in Sources */ = {isa = PBXBuildFile; fileRef = 82F4713920AAC396002E148E /* BaseMenuController.swift */; };
		82F4713E20AAD98E002E148E /* MenuPopularScreen.swift in Sources */ = {isa = PBXBuildFile; fileRef = 82F4713D20AAD98E002E148E /* MenuPopularScreen.swift */; };
		82F4714020AAE0D1002E148E /* MenuFromLikeScreen.swift in Sources */ = {isa = PBXBuildFile; fileRef = 82F4713F20AAE0D1002E148E /* MenuFromLikeScreen.swift */; };
		82F4714220AAE36D002E148E /* LogOutScreen.swift in Sources */ = {isa = PBXBuildFile; fileRef = 82F4714120AAE36C002E148E /* LogOutScreen.swift */; };
		82F4714420AAE4A4002E148E /* InsertMenuScreen.swift in Sources */ = {isa = PBXBuildFile; fileRef = 82F4714320AAE4A4002E148E /* InsertMenuScreen.swift */; };
		82F4714620AAE513002E148E /* MenuFavouriteScreen.swift in Sources */ = {isa = PBXBuildFile; fileRef = 82F4714520AAE513002E148E /* MenuFavouriteScreen.swift */; };
		82F4714820AAE53D002E148E /* CalenderScreen.swift in Sources */ = {isa = PBXBuildFile; fileRef = 82F4714720AAE53D002E148E /* CalenderScreen.swift */; };
/* End PBXBuildFile section */

/* Begin PBXContainerItemProxy section */
		82F4710B20AA9C9D002E148E /* PBXContainerItemProxy */ = {
			isa = PBXContainerItemProxy;
			containerPortal = 82F470EE20AA9C9D002E148E /* Project object */;
			proxyType = 1;
			remoteGlobalIDString = 82F470F520AA9C9D002E148E;
			remoteInfo = Project;
		};
		82F4711620AA9C9E002E148E /* PBXContainerItemProxy */ = {
			isa = PBXContainerItemProxy;
			containerPortal = 82F470EE20AA9C9D002E148E /* Project object */;
			proxyType = 1;
			remoteGlobalIDString = 82F470F520AA9C9D002E148E;
			remoteInfo = Project;
		};
/* End PBXContainerItemProxy section */

/* Begin PBXFileReference section */
		82F470F620AA9C9D002E148E /* Project.app */ = {isa = PBXFileReference; explicitFileType = wrapper.application; includeInIndex = 0; path = Project.app; sourceTree = BUILT_PRODUCTS_DIR; };
		82F470F920AA9C9D002E148E /* AppDelegate.swift */ = {isa = PBXFileReference; lastKnownFileType = sourcecode.swift; path = AppDelegate.swift; sourceTree = "<group>"; };
		82F470FB20AA9C9D002E148E /* ViewController.swift */ = {isa = PBXFileReference; lastKnownFileType = sourcecode.swift; path = ViewController.swift; sourceTree = "<group>"; };
		82F470FE20AA9C9D002E148E /* Base */ = {isa = PBXFileReference; lastKnownFileType = file.storyboard; name = Base; path = Base.lproj/Main.storyboard; sourceTree = "<group>"; };
		82F4710020AA9C9D002E148E /* Assets.xcassets */ = {isa = PBXFileReference; lastKnownFileType = folder.assetcatalog; path = Assets.xcassets; sourceTree = "<group>"; };
		82F4710320AA9C9D002E148E /* Base */ = {isa = PBXFileReference; lastKnownFileType = file.storyboard; name = Base; path = Base.lproj/LaunchScreen.storyboard; sourceTree = "<group>"; };
		82F4710520AA9C9D002E148E /* Info.plist */ = {isa = PBXFileReference; lastKnownFileType = text.plist.xml; path = Info.plist; sourceTree = "<group>"; };
		82F4710A20AA9C9D002E148E /* ProjectTests.xctest */ = {isa = PBXFileReference; explicitFileType = wrapper.cfbundle; includeInIndex = 0; path = ProjectTests.xctest; sourceTree = BUILT_PRODUCTS_DIR; };
		82F4710E20AA9C9D002E148E /* ProjectTests.swift */ = {isa = PBXFileReference; lastKnownFileType = sourcecode.swift; path = ProjectTests.swift; sourceTree = "<group>"; };
		82F4711020AA9C9E002E148E /* Info.plist */ = {isa = PBXFileReference; lastKnownFileType = text.plist.xml; path = Info.plist; sourceTree = "<group>"; };
		82F4711520AA9C9E002E148E /* ProjectUITests.xctest */ = {isa = PBXFileReference; explicitFileType = wrapper.cfbundle; includeInIndex = 0; path = ProjectUITests.xctest; sourceTree = BUILT_PRODUCTS_DIR; };
		82F4711920AA9C9E002E148E /* ProjectUITests.swift */ = {isa = PBXFileReference; lastKnownFileType = sourcecode.swift; path = ProjectUITests.swift; sourceTree = "<group>"; };
		82F4711B20AA9C9E002E148E /* Info.plist */ = {isa = PBXFileReference; lastKnownFileType = text.plist.xml; path = Info.plist; sourceTree = "<group>"; };
		82F4712720AA9D27002E148E /* Project-Bridging-Header.h */ = {isa = PBXFileReference; lastKnownFileType = sourcecode.c.h; path = "Project-Bridging-Header.h"; sourceTree = "<group>"; };
		82F4712820AA9D27002E148E /* SWRevealViewController.m */ = {isa = PBXFileReference; fileEncoding = 4; lastKnownFileType = sourcecode.c.objc; path = SWRevealViewController.m; sourceTree = "<group>"; };
		82F4712920AA9D27002E148E /* SWRevealViewController.h */ = {isa = PBXFileReference; fileEncoding = 4; lastKnownFileType = sourcecode.c.h; path = SWRevealViewController.h; sourceTree = "<group>"; };
		82F4712B20AAA14B002E148E /* HomeController.swift */ = {isa = PBXFileReference; lastKnownFileType = sourcecode.swift; path = HomeController.swift; sourceTree = "<group>"; };
		82F4712D20AAA15F002E148E /* MenuController.swift */ = {isa = PBXFileReference; lastKnownFileType = sourcecode.swift; path = MenuController.swift; sourceTree = "<group>"; };
		82F4713120AAB0DD002E148E /* MenuCell.swift */ = {isa = PBXFileReference; lastKnownFileType = sourcecode.swift; path = MenuCell.swift; sourceTree = "<group>"; };
		82F4713920AAC396002E148E /* BaseMenuController.swift */ = {isa = PBXFileReference; lastKnownFileType = sourcecode.swift; path = BaseMenuController.swift; sourceTree = "<group>"; };
		82F4713D20AAD98E002E148E /* MenuPopularScreen.swift */ = {isa = PBXFileReference; lastKnownFileType = sourcecode.swift; path = MenuPopularScreen.swift; sourceTree = "<group>"; };
		82F4713F20AAE0D1002E148E /* MenuFromLikeScreen.swift */ = {isa = PBXFileReference; lastKnownFileType = sourcecode.swift; path = MenuFromLikeScreen.swift; sourceTree = "<group>"; };
		82F4714120AAE36C002E148E /* LogOutScreen.swift */ = {isa = PBXFileReference; lastKnownFileType = sourcecode.swift; path = LogOutScreen.swift; sourceTree = "<group>"; };
		82F4714320AAE4A4002E148E /* InsertMenuScreen.swift */ = {isa = PBXFileReference; lastKnownFileType = sourcecode.swift; path = InsertMenuScreen.swift; sourceTree = "<group>"; };
		82F4714520AAE513002E148E /* MenuFavouriteScreen.swift */ = {isa = PBXFileReference; lastKnownFileType = sourcecode.swift; path = MenuFavouriteScreen.swift; sourceTree = "<group>"; };
		82F4714720AAE53D002E148E /* CalenderScreen.swift */ = {isa = PBXFileReference; lastKnownFileType = sourcecode.swift; path = CalenderScreen.swift; sourceTree = "<group>"; };
/* End PBXFileReference section */

/* Begin PBXFrameworksBuildPhase section */
		82F470F320AA9C9D002E148E /* Frameworks */ = {
			isa = PBXFrameworksBuildPhase;
			buildActionMask = 2147483647;
			files = (
			);
			runOnlyForDeploymentPostprocessing = 0;
		};
		82F4710720AA9C9D002E148E /* Frameworks */ = {
			isa = PBXFrameworksBuildPhase;
			buildActionMask = 2147483647;
			files = (
			);
			runOnlyForDeploymentPostprocessing = 0;
		};
		82F4711220AA9C9E002E148E /* Frameworks */ = {
			isa = PBXFrameworksBuildPhase;
			buildActionMask = 2147483647;
			files = (
			);
			runOnlyForDeploymentPostprocessing = 0;
		};
/* End PBXFrameworksBuildPhase section */

/* Begin PBXGroup section */
		82F470ED20AA9C9D002E148E = {
			isa = PBXGroup;
			children = (
				82F470F820AA9C9D002E148E /* Project */,
				82F4710D20AA9C9D002E148E /* ProjectTests */,
				82F4711820AA9C9E002E148E /* ProjectUITests */,
				82F470F720AA9C9D002E148E /* Products */,
			);
			sourceTree = "<group>";
		};
		82F470F720AA9C9D002E148E /* Products */ = {
			isa = PBXGroup;
			children = (
				82F470F620AA9C9D002E148E /* Project.app */,
				82F4710A20AA9C9D002E148E /* ProjectTests.xctest */,
				82F4711520AA9C9E002E148E /* ProjectUITests.xctest */,
			);
			name = Products;
			sourceTree = "<group>";
		};
		82F470F820AA9C9D002E148E /* Project */ = {
			isa = PBXGroup;
			children = (
				82F470F920AA9C9D002E148E /* AppDelegate.swift */,
				82F470FB20AA9C9D002E148E /* ViewController.swift */,
				82F4712D20AAA15F002E148E /* MenuController.swift */,
				82F4713120AAB0DD002E148E /* MenuCell.swift */,
				82F4712B20AAA14B002E148E /* HomeController.swift */,
				82F4713D20AAD98E002E148E /* MenuPopularScreen.swift */,
				82F4713F20AAE0D1002E148E /* MenuFromLikeScreen.swift */,
				82F4714320AAE4A4002E148E /* InsertMenuScreen.swift */,
				82F4714520AAE513002E148E /* MenuFavouriteScreen.swift */,
				82F4714720AAE53D002E148E /* CalenderScreen.swift */,
				82F4714120AAE36C002E148E /* LogOutScreen.swift */,
				82F4713920AAC396002E148E /* BaseMenuController.swift */,
				82F470FD20AA9C9D002E148E /* Main.storyboard */,
				82F4710020AA9C9D002E148E /* Assets.xcassets */,
				82F4710220AA9C9D002E148E /* LaunchScreen.storyboard */,
				82F4710520AA9C9D002E148E /* Info.plist */,
				82F4712920AA9D27002E148E /* SWRevealViewController.h */,
				82F4712820AA9D27002E148E /* SWRevealViewController.m */,
				82F4712720AA9D27002E148E /* Project-Bridging-Header.h */,
			);
			path = Project;
			sourceTree = "<group>";
		};
		82F4710D20AA9C9D002E148E /* ProjectTests */ = {
			isa = PBXGroup;
			children = (
				82F4710E20AA9C9D002E148E /* ProjectTests.swift */,
				82F4711020AA9C9E002E148E /* Info.plist */,
			);
			path = ProjectTests;
			sourceTree = "<group>";
		};
		82F4711820AA9C9E002E148E /* ProjectUITests */ = {
			isa = PBXGroup;
			children = (
				82F4711920AA9C9E002E148E /* ProjectUITests.swift */,
				82F4711B20AA9C9E002E148E /* Info.plist */,
			);
			path = ProjectUITests;
			sourceTree = "<group>";
		};
/* End PBXGroup section */

/* Begin PBXNativeTarget section */
		82F470F520AA9C9D002E148E /* Project */ = {
			isa = PBXNativeTarget;
			buildConfigurationList = 82F4711E20AA9C9E002E148E /* Build configuration list for PBXNativeTarget "Project" */;
			buildPhases = (
				82F470F220AA9C9D002E148E /* Sources */,
				82F470F320AA9C9D002E148E /* Frameworks */,
				82F470F420AA9C9D002E148E /* Resources */,
			);
			buildRules = (
			);
			dependencies = (
			);
			name = Project;
			productName = Project;
			productReference = 82F470F620AA9C9D002E148E /* Project.app */;
			productType = "com.apple.product-type.application";
		};
		82F4710920AA9C9D002E148E /* ProjectTests */ = {
			isa = PBXNativeTarget;
			buildConfigurationList = 82F4712120AA9C9E002E148E /* Build configuration list for PBXNativeTarget "ProjectTests" */;
			buildPhases = (
				82F4710620AA9C9D002E148E /* Sources */,
				82F4710720AA9C9D002E148E /* Frameworks */,
				82F4710820AA9C9D002E148E /* Resources */,
			);
			buildRules = (
			);
			dependencies = (
				82F4710C20AA9C9D002E148E /* PBXTargetDependency */,
			);
			name = ProjectTests;
			productName = ProjectTests;
			productReference = 82F4710A20AA9C9D002E148E /* ProjectTests.xctest */;
			productType = "com.apple.product-type.bundle.unit-test";
		};
		82F4711420AA9C9E002E148E /* ProjectUITests */ = {
			isa = PBXNativeTarget;
			buildConfigurationList = 82F4712420AA9C9E002E148E /* Build configuration list for PBXNativeTarget "ProjectUITests" */;
			buildPhases = (
				82F4711120AA9C9E002E148E /* Sources */,
				82F4711220AA9C9E002E148E /* Frameworks */,
				82F4711320AA9C9E002E148E /* Resources */,
			);
			buildRules = (
			);
			dependencies = (
				82F4711720AA9C9E002E148E /* PBXTargetDependency */,
			);
			name = ProjectUITests;
			productName = ProjectUITests;
			productReference = 82F4711520AA9C9E002E148E /* ProjectUITests.xctest */;
			productType = "com.apple.product-type.bundle.ui-testing";
		};
/* End PBXNativeTarget section */

/* Begin PBXProject section */
		82F470EE20AA9C9D002E148E /* Project object */ = {
			isa = PBXProject;
			attributes = {
				LastSwiftUpdateCheck = 0920;
				LastUpgradeCheck = 0920;
				ORGANIZATIONNAME = Pakaporn;
				TargetAttributes = {
					82F470F520AA9C9D002E148E = {
						CreatedOnToolsVersion = 9.2;
						LastSwiftMigration = 0920;
						ProvisioningStyle = Automatic;
					};
					82F4710920AA9C9D002E148E = {
						CreatedOnToolsVersion = 9.2;
						ProvisioningStyle = Automatic;
						TestTargetID = 82F470F520AA9C9D002E148E;
					};
					82F4711420AA9C9E002E148E = {
						CreatedOnToolsVersion = 9.2;
						ProvisioningStyle = Automatic;
						TestTargetID = 82F470F520AA9C9D002E148E;
					};
				};
			};
			buildConfigurationList = 82F470F120AA9C9D002E148E /* Build configuration list for PBXProject "Project" */;
			compatibilityVersion = "Xcode 8.0";
			developmentRegion = en;
			hasScannedForEncodings = 0;
			knownRegions = (
				en,
				Base,
			);
			mainGroup = 82F470ED20AA9C9D002E148E;
			productRefGroup = 82F470F720AA9C9D002E148E /* Products */;
			projectDirPath = "";
			projectRoot = "";
			targets = (
				82F470F520AA9C9D002E148E /* Project */,
				82F4710920AA9C9D002E148E /* ProjectTests */,
				82F4711420AA9C9E002E148E /* ProjectUITests */,
			);
		};
/* End PBXProject section */

/* Begin PBXResourcesBuildPhase section */
		82F470F420AA9C9D002E148E /* Resources */ = {
			isa = PBXResourcesBuildPhase;
			buildActionMask = 2147483647;
			files = (
				82F4710420AA9C9D002E148E /* LaunchScreen.storyboard in Resources */,
				82F4710120AA9C9D002E148E /* Assets.xcassets in Resources */,
				82F470FF20AA9C9D002E148E /* Main.storyboard in Resources */,
			);
			runOnlyForDeploymentPostprocessing = 0;
		};
		82F4710820AA9C9D002E148E /* Resources */ = {
			isa = PBXResourcesBuildPhase;
			buildActionMask = 2147483647;
			files = (
			);
			runOnlyForDeploymentPostprocessing = 0;
		};
		82F4711320AA9C9E002E148E /* Resources */ = {
			isa = PBXResourcesBuildPhase;
			buildActionMask = 2147483647;
			files = (
			);
			runOnlyForDeploymentPostprocessing = 0;
		};
/* End PBXResourcesBuildPhase section */

/* Begin PBXSourcesBuildPhase section */
		82F470F220AA9C9D002E148E /* Sources */ = {
			isa = PBXSourcesBuildPhase;
			buildActionMask = 2147483647;
			files = (
				82F4714420AAE4A4002E148E /* InsertMenuScreen.swift in Sources */,
				82F4714820AAE53D002E148E /* CalenderScreen.swift in Sources */,
				82F4712E20AAA15F002E148E /* MenuController.swift in Sources */,
				82F4714620AAE513002E148E /* MenuFavouriteScreen.swift in Sources */,
				82F4714220AAE36D002E148E /* LogOutScreen.swift in Sources */,
				82F4714020AAE0D1002E148E /* MenuFromLikeScreen.swift in Sources */,
				82F4712C20AAA14B002E148E /* HomeController.swift in Sources */,
				82F4713A20AAC396002E148E /* BaseMenuController.swift in Sources */,
				82F4713220AAB0DD002E148E /* MenuCell.swift in Sources */,
				82F470FC20AA9C9D002E148E /* ViewController.swift in Sources */,
				82F4713E20AAD98E002E148E /* MenuPopularScreen.swift in Sources */,
				82F470FA20AA9C9D002E148E /* AppDelegate.swift in Sources */,
				82F4712A20AA9D28002E148E /* SWRevealViewController.m in Sources */,
			);
			runOnlyForDeploymentPostprocessing = 0;
		};
		82F4710620AA9C9D002E148E /* Sources */ = {
			isa = PBXSourcesBuildPhase;
			buildActionMask = 2147483647;
			files = (
				82F4710F20AA9C9D002E148E /* ProjectTests.swift in Sources */,
			);
			runOnlyForDeploymentPostprocessing = 0;
		};
		82F4711120AA9C9E002E148E /* Sources */ = {
			isa = PBXSourcesBuildPhase;
			buildActionMask = 2147483647;
			files = (
				82F4711A20AA9C9E002E148E /* ProjectUITests.swift in Sources */,
			);
			runOnlyForDeploymentPostprocessing = 0;
		};
/* End PBXSourcesBuildPhase section */

/* Begin PBXTargetDependency section */
		82F4710C20AA9C9D002E148E /* PBXTargetDependency */ = {
			isa = PBXTargetDependency;
			target = 82F470F520AA9C9D002E148E /* Project */;
			targetProxy = 82F4710B20AA9C9D002E148E /* PBXContainerItemProxy */;
		};
		82F4711720AA9C9E002E148E /* PBXTargetDependency */ = {
			isa = PBXTargetDependency;
			target = 82F470F520AA9C9D002E148E /* Project */;
			targetProxy = 82F4711620AA9C9E002E148E /* PBXContainerItemProxy */;
		};
/* End PBXTargetDependency section */

/* Begin PBXVariantGroup section */
		82F470FD20AA9C9D002E148E /* Main.storyboard */ = {
			isa = PBXVariantGroup;
			children = (
				82F470FE20AA9C9D002E148E /* Base */,
			);
			name = Main.storyboard;
			sourceTree = "<group>";
		};
		82F4710220AA9C9D002E148E /* LaunchScreen.storyboard */ = {
			isa = PBXVariantGroup;
			children = (
				82F4710320AA9C9D002E148E /* Base */,
			);
			name = LaunchScreen.storyboard;
			sourceTree = "<group>";
		};
/* End PBXVariantGroup section */

/* Begin XCBuildConfiguration section */
		82F4711C20AA9C9E002E148E /* Debug */ = {
			isa = XCBuildConfiguration;
			buildSettings = {
				ALWAYS_SEARCH_USER_PATHS = NO;
				CLANG_ANALYZER_NONNULL = YES;
				CLANG_ANALYZER_NUMBER_OBJECT_CONVERSION = YES_AGGRESSIVE;
				CLANG_CXX_LANGUAGE_STANDARD = "gnu++14";
				CLANG_CXX_LIBRARY = "libc++";
				CLANG_ENABLE_MODULES = YES;
				CLANG_ENABLE_OBJC_ARC = YES;
				CLANG_WARN_BLOCK_CAPTURE_AUTORELEASING = YES;
				CLANG_WARN_BOOL_CONVERSION = YES;
				CLANG_WARN_COMMA = YES;
				CLANG_WARN_CONSTANT_CONVERSION = YES;
				CLANG_WARN_DIRECT_OBJC_ISA_USAGE = YES_ERROR;
				CLANG_WARN_DOCUMENTATION_COMMENTS = YES;
				CLANG_WARN_EMPTY_BODY = YES;
				CLANG_WARN_ENUM_CONVERSION = YES;
				CLANG_WARN_INFINITE_RECURSION = YES;
				CLANG_WARN_INT_CONVERSION = YES;
				CLANG_WARN_NON_LITERAL_NULL_CONVERSION = YES;
				CLANG_WARN_OBJC_LITERAL_CONVERSION = YES;
				CLANG_WARN_OBJC_ROOT_CLASS = YES_ERROR;
				CLANG_WARN_RANGE_LOOP_ANALYSIS = YES;
				CLANG_WARN_STRICT_PROTOTYPES = YES;
				CLANG_WARN_SUSPICIOUS_MOVE = YES;
				CLANG_WARN_UNGUARDED_AVAILABILITY = YES_AGGRESSIVE;
				CLANG_WARN_UNREACHABLE_CODE = YES;
				CLANG_WARN__DUPLICATE_METHOD_MATCH = YES;
				CODE_SIGN_IDENTITY = "iPhone Developer";
				COPY_PHASE_STRIP = NO;
				DEBUG_INFORMATION_FORMAT = dwarf;
				ENABLE_STRICT_OBJC_MSGSEND = YES;
				ENABLE_TESTABILITY = YES;
				GCC_C_LANGUAGE_STANDARD = gnu11;
				GCC_DYNAMIC_NO_PIC = NO;
				GCC_NO_COMMON_BLOCKS = YES;
				GCC_OPTIMIZATION_LEVEL = 0;
				GCC_PREPROCESSOR_DEFINITIONS = (
					"DEBUG=1",
					"$(inherited)",
				);
				GCC_WARN_64_TO_32_BIT_CONVERSION = YES;
				GCC_WARN_ABOUT_RETURN_TYPE = YES_ERROR;
				GCC_WARN_UNDECLARED_SELECTOR = YES;
				GCC_WARN_UNINITIALIZED_AUTOS = YES_AGGRESSIVE;
				GCC_WARN_UNUSED_FUNCTION = YES;
				GCC_WARN_UNUSED_VARIABLE = YES;
				IPHONEOS_DEPLOYMENT_TARGET = 11.2;
				MTL_ENABLE_DEBUG_INFO = YES;
				ONLY_ACTIVE_ARCH = YES;
				SDKROOT = iphoneos;
				SWIFT_ACTIVE_COMPILATION_CONDITIONS = DEBUG;
				SWIFT_OPTIMIZATION_LEVEL = "-Onone";
			};
			name = Debug;
		};
		82F4711D20AA9C9E002E148E /* Release */ = {
			isa = XCBuildConfiguration;
			buildSettings = {
				ALWAYS_SEARCH_USER_PATHS = NO;
				CLANG_ANALYZER_NONNULL = YES;
				CLANG_ANALYZER_NUMBER_OBJECT_CONVERSION = YES_AGGRESSIVE;
				CLANG_CXX_LANGUAGE_STANDARD = "gnu++14";
				CLANG_CXX_LIBRARY = "libc++";
				CLANG_ENABLE_MODULES = YES;
				CLANG_ENABLE_OBJC_ARC = YES;
				CLANG_WARN_BLOCK_CAPTURE_AUTORELEASING = YES;
				CLANG_WARN_BOOL_CONVERSION = YES;
				CLANG_WARN_COMMA = YES;
				CLANG_WARN_CONSTANT_CONVERSION = YES;
				CLANG_WARN_DIRECT_OBJC_ISA_USAGE = YES_ERROR;
				CLANG_WARN_DOCUMENTATION_COMMENTS = YES;
				CLANG_WARN_EMPTY_BODY = YES;
				CLANG_WARN_ENUM_CONVERSION = YES;
				CLANG_WARN_INFINITE_RECURSION = YES;
				CLANG_WARN_INT_CONVERSION = YES;
				CLANG_WARN_NON_LITERAL_NULL_CONVERSION = YES;
				CLANG_WARN_OBJC_LITERAL_CONVERSION = YES;
				CLANG_WARN_OBJC_ROOT_CLASS = YES_ERROR;
				CLANG_WARN_RANGE_LOOP_ANALYSIS = YES;
				CLANG_WARN_STRICT_PROTOTYPES = YES;
				CLANG_WARN_SUSPICIOUS_MOVE = YES;
				CLANG_WARN_UNGUARDED_AVAILABILITY = YES_AGGRESSIVE;
				CLANG_WARN_UNREACHABLE_CODE = YES;
				CLANG_WARN__DUPLICATE_METHOD_MATCH = YES;
				CODE_SIGN_IDENTITY = "iPhone Developer";
				COPY_PHASE_STRIP = NO;
				DEBUG_INFORMATION_FORMAT = "dwarf-with-dsym";
				ENABLE_NS_ASSERTIONS = NO;
				ENABLE_STRICT_OBJC_MSGSEND = YES;
				GCC_C_LANGUAGE_STANDARD = gnu11;
				GCC_NO_COMMON_BLOCKS = YES;
				GCC_WARN_64_TO_32_BIT_CONVERSION = YES;
				GCC_WARN_ABOUT_RETURN_TYPE = YES_ERROR;
				GCC_WARN_UNDECLARED_SELECTOR = YES;
				GCC_WARN_UNINITIALIZED_AUTOS = YES_AGGRESSIVE;
				GCC_WARN_UNUSED_FUNCTION = YES;
				GCC_WARN_UNUSED_VARIABLE = YES;
				IPHONEOS_DEPLOYMENT_TARGET = 11.2;
				MTL_ENABLE_DEBUG_INFO = NO;
				SDKROOT = iphoneos;
				SWIFT_OPTIMIZATION_LEVEL = "-Owholemodule";
				VALIDATE_PRODUCT = YES;
			};
			name = Release;
		};
		82F4711F20AA9C9E002E148E /* Debug */ = {
			isa = XCBuildConfiguration;
			buildSettings = {
				ASSETCATALOG_COMPILER_APPICON_NAME = AppIcon;
				CLANG_ENABLE_MODULES = YES;
				CODE_SIGN_STYLE = Automatic;
				INFOPLIST_FILE = Project/Info.plist;
				LD_RUNPATH_SEARCH_PATHS = "$(inherited) @executable_path/Frameworks";
				PRODUCT_BUNDLE_IDENTIFIER = com.zoic.Project;
				PRODUCT_NAME = "$(TARGET_NAME)";
				SWIFT_OBJC_BRIDGING_HEADER = "Project/Project-Bridging-Header.h";
				SWIFT_OPTIMIZATION_LEVEL = "-Onone";
				SWIFT_VERSION = 4.0;
				TARGETED_DEVICE_FAMILY = "1,2";
			};
			name = Debug;
		};
		82F4712020AA9C9E002E148E /* Release */ = {
			isa = XCBuildConfiguration;
			buildSettings = {
				ASSETCATALOG_COMPILER_APPICON_NAME = AppIcon;
				CLANG_ENABLE_MODULES = YES;
				CODE_SIGN_STYLE = Automatic;
				INFOPLIST_FILE = Project/Info.plist;
				LD_RUNPATH_SEARCH_PATHS = "$(inherited) @executable_path/Frameworks";
				PRODUCT_BUNDLE_IDENTIFIER = com.zoic.Project;
				PRODUCT_NAME = "$(TARGET_NAME)";
				SWIFT_OBJC_BRIDGING_HEADER = "Project/Project-Bridging-Header.h";
				SWIFT_VERSION = 4.0;
				TARGETED_DEVICE_FAMILY = "1,2";
			};
			name = Release;
		};
		82F4712220AA9C9E002E148E /* Debug */ = {
			isa = XCBuildConfiguration;
			buildSettings = {
				ALWAYS_EMBED_SWIFT_STANDARD_LIBRARIES = YES;
				BUNDLE_LOADER = "$(TEST_HOST)";
				CODE_SIGN_STYLE = Automatic;
				INFOPLIST_FILE = ProjectTests/Info.plist;
				LD_RUNPATH_SEARCH_PATHS = "$(inherited) @executable_path/Frameworks @loader_path/Frameworks";
				PRODUCT_BUNDLE_IDENTIFIER = com.zoic.ProjectTests;
				PRODUCT_NAME = "$(TARGET_NAME)";
				SWIFT_VERSION = 4.0;
				TARGETED_DEVICE_FAMILY = "1,2";
				TEST_HOST = "$(BUILT_PRODUCTS_DIR)/Project.app/Project";
			};
			name = Debug;
		};
		82F4712320AA9C9E002E148E /* Release */ = {
			isa = XCBuildConfiguration;
			buildSettings = {
				ALWAYS_EMBED_SWIFT_STANDARD_LIBRARIES = YES;
				BUNDLE_LOADER = "$(TEST_HOST)";
				CODE_SIGN_STYLE = Automatic;
				INFOPLIST_FILE = ProjectTests/Info.plist;
				LD_RUNPATH_SEARCH_PATHS = "$(inherited) @executable_path/Frameworks @loader_path/Frameworks";
				PRODUCT_BUNDLE_IDENTIFIER = com.zoic.ProjectTests;
				PRODUCT_NAME = "$(TARGET_NAME)";
				SWIFT_VERSION = 4.0;
				TARGETED_DEVICE_FAMILY = "1,2";
				TEST_HOST = "$(BUILT_PRODUCTS_DIR)/Project.app/Project";
			};
			name = Release;
		};
		82F4712520AA9C9E002E148E /* Debug */ = {
			isa = XCBuildConfiguration;
			buildSettings = {
				ALWAYS_EMBED_SWIFT_STANDARD_LIBRARIES = YES;
				CODE_SIGN_STYLE = Automatic;
				INFOPLIST_FILE = ProjectUITests/Info.plist;
				LD_RUNPATH_SEARCH_PATHS = "$(inherited) @executable_path/Frameworks @loader_path/Frameworks";
				PRODUCT_BUNDLE_IDENTIFIER = com.zoic.ProjectUITests;
				PRODUCT_NAME = "$(TARGET_NAME)";
				SWIFT_VERSION = 4.0;
				TARGETED_DEVICE_FAMILY = "1,2";
				TEST_TARGET_NAME = Project;
			};
			name = Debug;
		};
		82F4712620AA9C9E002E148E /* Release */ = {
			isa = XCBuildConfiguration;
			buildSettings = {
				ALWAYS_EMBED_SWIFT_STANDARD_LIBRARIES = YES;
				CODE_SIGN_STYLE = Automatic;
				INFOPLIST_FILE = ProjectUITests/Info.plist;
				LD_RUNPATH_SEARCH_PATHS = "$(inherited) @executable_path/Frameworks @loader_path/Frameworks";
				PRODUCT_BUNDLE_IDENTIFIER = com.zoic.ProjectUITests;
				PRODUCT_NAME = "$(TARGET_NAME)";
				SWIFT_VERSION = 4.0;
				TARGETED_DEVICE_FAMILY = "1,2";
				TEST_TARGET_NAME = Project;
			};
			name = Release;
		};
/* End XCBuildConfiguration section */

/* Begin XCConfigurationList section */
		82F470F120AA9C9D002E148E /* Build configuration list for PBXProject "Project" */ = {
			isa = XCConfigurationList;
			buildConfigurations = (
				82F4711C20AA9C9E002E148E /* Debug */,
				82F4711D20AA9C9E002E148E /* Release */,
			);
			defaultConfigurationIsVisible = 0;
			defaultConfigurationName = Release;
		};
		82F4711E20AA9C9E002E148E /* Build configuration list for PBXNativeTarget "Project" */ = {
			isa = XCConfigurationList;
			buildConfigurations = (
				82F4711F20AA9C9E002E148E /* Debug */,
				82F4712020AA9C9E002E148E /* Release */,
			);
			defaultConfigurationIsVisible = 0;
			defaultConfigurationName = Release;
		};
		82F4712120AA9C9E002E148E /* Build configuration list for PBXNativeTarget "ProjectTests" */ = {
			isa = XCConfigurationList;
			buildConfigurations = (
				82F4712220AA9C9E002E148E /* Debug */,
				82F4712320AA9C9E002E148E /* Release */,
			);
			defaultConfigurationIsVisible = 0;
			defaultConfigurationName = Release;
		};
		82F4712420AA9C9E002E148E /* Build configuration list for PBXNativeTarget "ProjectUITests" */ = {
			isa = XCConfigurationList;
			buildConfigurations = (
				82F4712520AA9C9E002E148E /* Debug */,
				82F4712620AA9C9E002E148E /* Release */,
			);
			defaultConfigurationIsVisible = 0;
			defaultConfigurationName = Release;
		};
/* End XCConfigurationList section */
	};
	rootObject = 82F470EE20AA9C9D002E148E /* Project object */;
}
